Microsoft Visual Studio Solution File, Format Version 12.00
# Visual Studio 15
VisualStudioVersion = 15.0.28010.2050
MinimumVisualStudioVersion = 10.0.40219.1
Project("{8BC9CEB8-8B4A-11D0-8D11-00A0C91BC942}") = "inMyRoom_vulkan", "inMyRoom_vulkan.vcxproj", "{A083354F-720F-4FBE-A55F-3BDA1C509136}"
EndProject
Project("{2150E333-8FDC-42A3-9474-1A3956D46DE8}") = "AnvilFramework", "AnvilFramework", "{71C2AD1C-A595-42DB-94A1-4AC84CC411C4}"
EndProject
Project("{2150E333-8FDC-42A3-9474-1A3956D46DE8}") = "OpenGLMathimatics", "OpenGLMathimatics", "{7D4C6ED4-3885-4BE1-B76B-A059E70E951F}"
EndProject
Project("{2150E333-8FDC-42A3-9474-1A3956D46DE8}") = "CMakePredefinedTargets", "CMakePredefinedTargets", "{3DDBBE6D-B8FE-35D2-82BB-C9C103F7A3FF}"
EndProject
Project("{2150E333-8FDC-42A3-9474-1A3956D46DE8}") = "CTestDashboardTargets", "CTestDashboardTargets", "{43378317-F87E-33BA-94E3-C5EB8C24D4EB}"
EndProject
Project("{2150E333-8FDC-42A3-9474-1A3956D46DE8}") = "glslang", "glslang", "{104BB098-58A0-3CC8-B5B5-C1C3FA6F0C3A}"
EndProject
Project("{2150E333-8FDC-42A3-9474-1A3956D46DE8}") = "hlsl", "hlsl", "{C7F63942-3FEB-3530-9051-90B308DD35F9}"
EndProject
Project("{8BC9CEB8-8B4A-11D0-8D11-00A0C91BC942}") = "ALL_BUILD", "..\Anvil\build\ALL_BUILD.vcxproj", "{DEB8D32A-F5E1-342A-986B-33ACD9C8A9F8}"
	ProjectSection(ProjectDependencies) = postProject
		{B2EF51C2-3B6D-3561-AC71-E56796280784} = {B2EF51C2-3B6D-3561-AC71-E56796280784}
		{B953C2E2-E821-3026-9086-6F62F7F05ECB} = {B953C2E2-E821-3026-9086-6F62F7F05ECB}
		{9FE74751-A422-39A9-B799-43CBEECA5191} = {9FE74751-A422-39A9-B799-43CBEECA5191}
		{ADDBDC0D-BF3E-3647-AD00-E209C998958B} = {ADDBDC0D-BF3E-3647-AD00-E209C998958B}
		{8F02DD38-AC89-358B-A7A2-BAD667750124} = {8F02DD38-AC89-358B-A7A2-BAD667750124}
		{1A1917DB-F7D1-39E9-887A-967C234F4AEA} = {1A1917DB-F7D1-39E9-887A-967C234F4AEA}
		{2901BB54-AC99-38D2-BF9A-B625CEA3E484} = {2901BB54-AC99-38D2-BF9A-B625CEA3E484}
		{BF49F7FD-12DB-324C-B182-CACDA1D088A0} = {BF49F7FD-12DB-324C-B182-CACDA1D088A0}
	EndProjectSection
EndProject
Project("{8BC9CEB8-8B4A-11D0-8D11-00A0C91BC942}") = "Anvil", "..\Anvil\build\Anvil.vcxproj", "{B2EF51C2-3B6D-3561-AC71-E56796280784}"
	ProjectSection(ProjectDependencies) = postProject
		{B953C2E2-E821-3026-9086-6F62F7F05ECB} = {B953C2E2-E821-3026-9086-6F62F7F05ECB}
		{9FE74751-A422-39A9-B799-43CBEECA5191} = {9FE74751-A422-39A9-B799-43CBEECA5191}
		{ADDBDC0D-BF3E-3647-AD00-E209C998958B} = {ADDBDC0D-BF3E-3647-AD00-E209C998958B}
		{8F02DD38-AC89-358B-A7A2-BAD667750124} = {8F02DD38-AC89-358B-A7A2-BAD667750124}
		{2901BB54-AC99-38D2-BF9A-B625CEA3E484} = {2901BB54-AC99-38D2-BF9A-B625CEA3E484}
		{BF49F7FD-12DB-324C-B182-CACDA1D088A0} = {BF49F7FD-12DB-324C-B182-CACDA1D088A0}
	EndProjectSection
EndProject
Project("{8BC9CEB8-8B4A-11D0-8D11-00A0C91BC942}") = "Continuous", "..\Anvil\build\deps\glslang\Continuous.vcxproj", "{9CB33B78-4E6B-3306-A854-CFEE279D0C33}"
	ProjectSection(ProjectDependencies) = postProject
		{2901BB54-AC99-38D2-BF9A-B625CEA3E484} = {2901BB54-AC99-38D2-BF9A-B625CEA3E484}
	EndProjectSection
EndProject
Project("{8BC9CEB8-8B4A-11D0-8D11-00A0C91BC942}") = "Experimental", "..\Anvil\build\deps\glslang\Experimental.vcxproj", "{5480418C-4621-38AD-8634-275628C8D747}"
	ProjectSection(ProjectDependencies) = postProject
		{2901BB54-AC99-38D2-BF9A-B625CEA3E484} = {2901BB54-AC99-38D2-BF9A-B625CEA3E484}
	EndProjectSection
EndProject
Project("{8BC9CEB8-8B4A-11D0-8D11-00A0C91BC942}") = "HLSL", "..\Anvil\build\deps\glslang\hlsl\HLSL.vcxproj", "{B953C2E2-E821-3026-9086-6F62F7F05ECB}"
	ProjectSection(ProjectDependencies) = postProject
		{2901BB54-AC99-38D2-BF9A-B625CEA3E484} = {2901BB54-AC99-38D2-BF9A-B625CEA3E484}
	EndProjectSection
EndProject
Project("{8BC9CEB8-8B4A-11D0-8D11-00A0C91BC942}") = "INSTALL", "..\Anvil\build\INSTALL.vcxproj", "{3DAD6661-49BE-3C79-951E-70931F9345F6}"
	ProjectSection(ProjectDependencies) = postProject
		{DEB8D32A-F5E1-342A-986B-33ACD9C8A9F8} = {DEB8D32A-F5E1-342A-986B-33ACD9C8A9F8}
		{2901BB54-AC99-38D2-BF9A-B625CEA3E484} = {2901BB54-AC99-38D2-BF9A-B625CEA3E484}
	EndProjectSection
EndProject
Project("{8BC9CEB8-8B4A-11D0-8D11-00A0C91BC942}") = "Nightly", "..\Anvil\build\deps\glslang\Nightly.vcxproj", "{2A6206CE-C3F7-3B7E-84DA-EF77AB141276}"
	ProjectSection(ProjectDependencies) = postProject
		{2901BB54-AC99-38D2-BF9A-B625CEA3E484} = {2901BB54-AC99-38D2-BF9A-B625CEA3E484}
	EndProjectSection
EndProject
Project("{8BC9CEB8-8B4A-11D0-8D11-00A0C91BC942}") = "NightlyMemoryCheck", "..\Anvil\build\deps\glslang\NightlyMemoryCheck.vcxproj", "{2B13F375-241A-3AAA-8B7A-EF49311CBA63}"
	ProjectSection(ProjectDependencies) = postProject
		{2901BB54-AC99-38D2-BF9A-B625CEA3E484} = {2901BB54-AC99-38D2-BF9A-B625CEA3E484}
	EndProjectSection
EndProject
Project("{8BC9CEB8-8B4A-11D0-8D11-00A0C91BC942}") = "OGLCompiler", "..\Anvil\build\deps\glslang\OGLCompilersDLL\OGLCompiler.vcxproj", "{9FE74751-A422-39A9-B799-43CBEECA5191}"
	ProjectSection(ProjectDependencies) = postProject
		{2901BB54-AC99-38D2-BF9A-B625CEA3E484} = {2901BB54-AC99-38D2-BF9A-B625CEA3E484}
	EndProjectSection
EndProject
Project("{8BC9CEB8-8B4A-11D0-8D11-00A0C91BC942}") = "OSDependent", "..\Anvil\build\deps\glslang\glslang\OSDependent\Windows\OSDependent.vcxproj", "{ADDBDC0D-BF3E-3647-AD00-E209C998958B}"
	ProjectSection(ProjectDependencies) = postProject
		{2901BB54-AC99-38D2-BF9A-B625CEA3E484} = {2901BB54-AC99-38D2-BF9A-B625CEA3E484}
	EndProjectSection
EndProject
Project("{8BC9CEB8-8B4A-11D0-8D11-00A0C91BC942}") = "SPIRV", "..\Anvil\build\deps\glslang\SPIRV\SPIRV.vcxproj", "{8F02DD38-AC89-358B-A7A2-BAD667750124}"
	ProjectSection(ProjectDependencies) = postProject
		{B953C2E2-E821-3026-9086-6F62F7F05ECB} = {B953C2E2-E821-3026-9086-6F62F7F05ECB}
		{9FE74751-A422-39A9-B799-43CBEECA5191} = {9FE74751-A422-39A9-B799-43CBEECA5191}
		{ADDBDC0D-BF3E-3647-AD00-E209C998958B} = {ADDBDC0D-BF3E-3647-AD00-E209C998958B}
		{2901BB54-AC99-38D2-BF9A-B625CEA3E484} = {2901BB54-AC99-38D2-BF9A-B625CEA3E484}
		{BF49F7FD-12DB-324C-B182-CACDA1D088A0} = {BF49F7FD-12DB-324C-B182-CACDA1D088A0}
	EndProjectSection
EndProject
Project("{8BC9CEB8-8B4A-11D0-8D11-00A0C91BC942}") = "SPVRemapper", "..\Anvil\build\deps\glslang\SPIRV\SPVRemapper.vcxproj", "{1A1917DB-F7D1-39E9-887A-967C234F4AEA}"
	ProjectSection(ProjectDependencies) = postProject
		{2901BB54-AC99-38D2-BF9A-B625CEA3E484} = {2901BB54-AC99-38D2-BF9A-B625CEA3E484}
	EndProjectSection
EndProject
Project("{8BC9CEB8-8B4A-11D0-8D11-00A0C91BC942}") = "ZERO_CHECK", "..\Anvil\build\ZERO_CHECK.vcxproj", "{2901BB54-AC99-38D2-BF9A-B625CEA3E484}"
EndProject
Project("{8BC9CEB8-8B4A-11D0-8D11-00A0C91BC942}") = "glslang", "..\Anvil\build\deps\glslang\glslang\glslang.vcxproj", "{BF49F7FD-12DB-324C-B182-CACDA1D088A0}"
	ProjectSection(ProjectDependencies) = postProject
		{B953C2E2-E821-3026-9086-6F62F7F05ECB} = {B953C2E2-E821-3026-9086-6F62F7F05ECB}
		{9FE74751-A422-39A9-B799-43CBEECA5191} = {9FE74751-A422-39A9-B799-43CBEECA5191}
		{ADDBDC0D-BF3E-3647-AD00-E209C998958B} = {ADDBDC0D-BF3E-3647-AD00-E209C998958B}
		{2901BB54-AC99-38D2-BF9A-B625CEA3E484} = {2901BB54-AC99-38D2-BF9A-B625CEA3E484}
	EndProjectSection
EndProject
Project("{8BC9CEB8-8B4A-11D0-8D11-00A0C91BC942}") = "glm_static", "..\glm\build\glm\glm_static.vcxproj", "{748CF8DC-F8D2-344F-A4EB-060F09F48D28}"
EndProject
Project("{8BC9CEB8-8B4A-11D0-8D11-00A0C91BC942}") = "ZERO_CHECK", "..\glm\build\ZERO_CHECK.vcxproj", "{996A0CEF-E448-369C-9282-62813FBD30F8}"
EndProject
Project("{2150E333-8FDC-42A3-9474-1A3956D46DE8}") = "CMakePredefinedTargets", "CMakePredefinedTargets", "{F0B0EFF0-D570-4200-B4C5-2E12EFE99F7C}"
EndProject
Global
	GlobalSection(SolutionConfigurationPlatforms) = preSolution
		Debug|x64 = Debug|x64
		MinSizeRel|x64 = MinSizeRel|x64
		Release|x64 = Release|x64
		RelWithDebInfo|x64 = RelWithDebInfo|x64
	EndGlobalSection
	GlobalSection(ProjectConfigurationPlatforms) = postSolution
		{A083354F-720F-4FBE-A55F-3BDA1C509136}.Debug|x64.ActiveCfg = Debug|x64
		{A083354F-720F-4FBE-A55F-3BDA1C509136}.Debug|x64.Build.0 = Debug|x64
		{A083354F-720F-4FBE-A55F-3BDA1C509136}.MinSizeRel|x64.ActiveCfg = Release|x64
		{A083354F-720F-4FBE-A55F-3BDA1C509136}.MinSizeRel|x64.Build.0 = Release|x64
		{A083354F-720F-4FBE-A55F-3BDA1C509136}.Release|x64.ActiveCfg = Release|x64
		{A083354F-720F-4FBE-A55F-3BDA1C509136}.Release|x64.Build.0 = Release|x64
		{A083354F-720F-4FBE-A55F-3BDA1C509136}.RelWithDebInfo|x64.ActiveCfg = Release|x64
		{A083354F-720F-4FBE-A55F-3BDA1C509136}.RelWithDebInfo|x64.Build.0 = Release|x64
		{DEB8D32A-F5E1-342A-986B-33ACD9C8A9F8}.Debug|x64.ActiveCfg = Debug|x64
		{DEB8D32A-F5E1-342A-986B-33ACD9C8A9F8}.Debug|x64.Build.0 = Debug|x64
		{DEB8D32A-F5E1-342A-986B-33ACD9C8A9F8}.MinSizeRel|x64.ActiveCfg = MinSizeRel|x64
		{DEB8D32A-F5E1-342A-986B-33ACD9C8A9F8}.MinSizeRel|x64.Build.0 = MinSizeRel|x64
		{DEB8D32A-F5E1-342A-986B-33ACD9C8A9F8}.Release|x64.ActiveCfg = Release|x64
		{DEB8D32A-F5E1-342A-986B-33ACD9C8A9F8}.Release|x64.Build.0 = Release|x64
		{DEB8D32A-F5E1-342A-986B-33ACD9C8A9F8}.RelWithDebInfo|x64.ActiveCfg = RelWithDebInfo|x64
		{DEB8D32A-F5E1-342A-986B-33ACD9C8A9F8}.RelWithDebInfo|x64.Build.0 = RelWithDebInfo|x64
		{B2EF51C2-3B6D-3561-AC71-E56796280784}.Debug|x64.ActiveCfg = Debug|x64
		{B2EF51C2-3B6D-3561-AC71-E56796280784}.Debug|x64.Build.0 = Debug|x64
		{B2EF51C2-3B6D-3561-AC71-E56796280784}.MinSizeRel|x64.ActiveCfg = MinSizeRel|x64
		{B2EF51C2-3B6D-3561-AC71-E56796280784}.MinSizeRel|x64.Build.0 = MinSizeRel|x64
		{B2EF51C2-3B6D-3561-AC71-E56796280784}.Release|x64.ActiveCfg = Release|x64
		{B2EF51C2-3B6D-3561-AC71-E56796280784}.Release|x64.Build.0 = Release|x64
		{B2EF51C2-3B6D-3561-AC71-E56796280784}.RelWithDebInfo|x64.ActiveCfg = RelWithDebInfo|x64
		{B2EF51C2-3B6D-3561-AC71-E56796280784}.RelWithDebInfo|x64.Build.0 = RelWithDebInfo|x64
		{9CB33B78-4E6B-3306-A854-CFEE279D0C33}.Debug|x64.ActiveCfg = Debug|x64
		{9CB33B78-4E6B-3306-A854-CFEE279D0C33}.MinSizeRel|x64.ActiveCfg = MinSizeRel|x64
		{9CB33B78-4E6B-3306-A854-CFEE279D0C33}.Release|x64.ActiveCfg = Release|x64
		{9CB33B78-4E6B-3306-A854-CFEE279D0C33}.RelWithDebInfo|x64.ActiveCfg = RelWithDebInfo|x64
		{5480418C-4621-38AD-8634-275628C8D747}.Debug|x64.ActiveCfg = Debug|x64
		{5480418C-4621-38AD-8634-275628C8D747}.MinSizeRel|x64.ActiveCfg = MinSizeRel|x64
		{5480418C-4621-38AD-8634-275628C8D747}.Release|x64.ActiveCfg = Release|x64
		{5480418C-4621-38AD-8634-275628C8D747}.RelWithDebInfo|x64.ActiveCfg = RelWithDebInfo|x64
		{B953C2E2-E821-3026-9086-6F62F7F05ECB}.Debug|x64.ActiveCfg = Debug|x64
		{B953C2E2-E821-3026-9086-6F62F7F05ECB}.Debug|x64.Build.0 = Debug|x64
		{B953C2E2-E821-3026-9086-6F62F7F05ECB}.MinSizeRel|x64.ActiveCfg = MinSizeRel|x64
		{B953C2E2-E821-3026-9086-6F62F7F05ECB}.MinSizeRel|x64.Build.0 = MinSizeRel|x64
		{B953C2E2-E821-3026-9086-6F62F7F05ECB}.Release|x64.ActiveCfg = Release|x64
		{B953C2E2-E821-3026-9086-6F62F7F05ECB}.Release|x64.Build.0 = Release|x64
		{B953C2E2-E821-3026-9086-6F62F7F05ECB}.RelWithDebInfo|x64.ActiveCfg = RelWithDebInfo|x64
		{B953C2E2-E821-3026-9086-6F62F7F05ECB}.RelWithDebInfo|x64.Build.0 = RelWithDebInfo|x64
		{3DAD6661-49BE-3C79-951E-70931F9345F6}.Debug|x64.ActiveCfg = Debug|x64
		{3DAD6661-49BE-3C79-951E-70931F9345F6}.MinSizeRel|x64.ActiveCfg = MinSizeRel|x64
		{3DAD6661-49BE-3C79-951E-70931F9345F6}.Release|x64.ActiveCfg = Release|x64
		{3DAD6661-49BE-3C79-951E-70931F9345F6}.RelWithDebInfo|x64.ActiveCfg = RelWithDebInfo|x64
		{2A6206CE-C3F7-3B7E-84DA-EF77AB141276}.Debug|x64.ActiveCfg = Debug|x64
		{2A6206CE-C3F7-3B7E-84DA-EF77AB141276}.MinSizeRel|x64.ActiveCfg = MinSizeRel|x64
		{2A6206CE-C3F7-3B7E-84DA-EF77AB141276}.Release|x64.ActiveCfg = Release|x64
		{2A6206CE-C3F7-3B7E-84DA-EF77AB141276}.RelWithDebInfo|x64.ActiveCfg = RelWithDebInfo|x64
		{2B13F375-241A-3AAA-8B7A-EF49311CBA63}.Debug|x64.ActiveCfg = Debug|x64
		{2B13F375-241A-3AAA-8B7A-EF49311CBA63}.MinSizeRel|x64.ActiveCfg = MinSizeRel|x64
		{2B13F375-241A-3AAA-8B7A-EF49311CBA63}.Release|x64.ActiveCfg = Release|x64
		{2B13F375-241A-3AAA-8B7A-EF49311CBA63}.RelWithDebInfo|x64.ActiveCfg = RelWithDebInfo|x64
		{9FE74751-A422-39A9-B799-43CBEECA5191}.Debug|x64.ActiveCfg = Debug|x64
		{9FE74751-A422-39A9-B799-43CBEECA5191}.Debug|x64.Build.0 = Debug|x64
		{9FE74751-A422-39A9-B799-43CBEECA5191}.MinSizeRel|x64.ActiveCfg = MinSizeRel|x64
		{9FE74751-A422-39A9-B799-43CBEECA5191}.MinSizeRel|x64.Build.0 = MinSizeRel|x64
		{9FE74751-A422-39A9-B799-43CBEECA5191}.Release|x64.ActiveCfg = Release|x64
		{9FE74751-A422-39A9-B799-43CBEECA5191}.Release|x64.Build.0 = Release|x64
		{9FE74751-A422-39A9-B799-43CBEECA5191}.RelWithDebInfo|x64.ActiveCfg = RelWithDebInfo|x64
		{9FE74751-A422-39A9-B799-43CBEECA5191}.RelWithDebInfo|x64.Build.0 = RelWithDebInfo|x64
		{ADDBDC0D-BF3E-3647-AD00-E209C998958B}.Debug|x64.ActiveCfg = Debug|x64
		{ADDBDC0D-BF3E-3647-AD00-E209C998958B}.Debug|x64.Build.0 = Debug|x64
		{ADDBDC0D-BF3E-3647-AD00-E209C998958B}.MinSizeRel|x64.ActiveCfg = MinSizeRel|x64
		{ADDBDC0D-BF3E-3647-AD00-E209C998958B}.MinSizeRel|x64.Build.0 = MinSizeRel|x64
		{ADDBDC0D-BF3E-3647-AD00-E209C998958B}.Release|x64.ActiveCfg = Release|x64
		{ADDBDC0D-BF3E-3647-AD00-E209C998958B}.Release|x64.Build.0 = Release|x64
		{ADDBDC0D-BF3E-3647-AD00-E209C998958B}.RelWithDebInfo|x64.ActiveCfg = RelWithDebInfo|x64
		{ADDBDC0D-BF3E-3647-AD00-E209C998958B}.RelWithDebInfo|x64.Build.0 = RelWithDebInfo|x64
		{8F02DD38-AC89-358B-A7A2-BAD667750124}.Debug|x64.ActiveCfg = Debug|x64
		{8F02DD38-AC89-358B-A7A2-BAD667750124}.Debug|x64.Build.0 = Debug|x64
		{8F02DD38-AC89-358B-A7A2-BAD667750124}.MinSizeRel|x64.ActiveCfg = MinSizeRel|x64
		{8F02DD38-AC89-358B-A7A2-BAD667750124}.MinSizeRel|x64.Build.0 = MinSizeRel|x64
		{8F02DD38-AC89-358B-A7A2-BAD667750124}.Release|x64.ActiveCfg = Release|x64
		{8F02DD38-AC89-358B-A7A2-BAD667750124}.Release|x64.Build.0 = Release|x64
		{8F02DD38-AC89-358B-A7A2-BAD667750124}.RelWithDebInfo|x64.ActiveCfg = RelWithDebInfo|x64
		{8F02DD38-AC89-358B-A7A2-BAD667750124}.RelWithDebInfo|x64.Build.0 = RelWithDebInfo|x64
		{1A1917DB-F7D1-39E9-887A-967C234F4AEA}.Debug|x64.ActiveCfg = Debug|x64
		{1A1917DB-F7D1-39E9-887A-967C234F4AEA}.Debug|x64.Build.0 = Debug|x64
		{1A1917DB-F7D1-39E9-887A-967C234F4AEA}.MinSizeRel|x64.ActiveCfg = MinSizeRel|x64
		{1A1917DB-F7D1-39E9-887A-967C234F4AEA}.MinSizeRel|x64.Build.0 = MinSizeRel|x64
		{1A1917DB-F7D1-39E9-887A-967C234F4AEA}.Release|x64.ActiveCfg = Release|x64
		{1A1917DB-F7D1-39E9-887A-967C234F4AEA}.Release|x64.Build.0 = Release|x64
		{1A1917DB-F7D1-39E9-887A-967C234F4AEA}.RelWithDebInfo|x64.ActiveCfg = RelWithDebInfo|x64
		{1A1917DB-F7D1-39E9-887A-967C234F4AEA}.RelWithDebInfo|x64.Build.0 = RelWithDebInfo|x64
		{2901BB54-AC99-38D2-BF9A-B625CEA3E484}.Debug|x64.ActiveCfg = Debug|x64
		{2901BB54-AC99-38D2-BF9A-B625CEA3E484}.Debug|x64.Build.0 = Debug|x64
		{2901BB54-AC99-38D2-BF9A-B625CEA3E484}.MinSizeRel|x64.ActiveCfg = MinSizeRel|x64
		{2901BB54-AC99-38D2-BF9A-B625CEA3E484}.MinSizeRel|x64.Build.0 = MinSizeRel|x64
		{2901BB54-AC99-38D2-BF9A-B625CEA3E484}.Release|x64.ActiveCfg = Release|x64
		{2901BB54-AC99-38D2-BF9A-B625CEA3E484}.Release|x64.Build.0 = Release|x64
		{2901BB54-AC99-38D2-BF9A-B625CEA3E484}.RelWithDebInfo|x64.ActiveCfg = RelWithDebInfo|x64
		{2901BB54-AC99-38D2-BF9A-B625CEA3E484}.RelWithDebInfo|x64.Build.0 = RelWithDebInfo|x64
		{BF49F7FD-12DB-324C-B182-CACDA1D088A0}.Debug|x64.ActiveCfg = Debug|x64
		{BF49F7FD-12DB-324C-B182-CACDA1D088A0}.Debug|x64.Build.0 = Debug|x64
		{BF49F7FD-12DB-324C-B182-CACDA1D088A0}.MinSizeRel|x64.ActiveCfg = MinSizeRel|x64
		{BF49F7FD-12DB-324C-B182-CACDA1D088A0}.MinSizeRel|x64.Build.0 = MinSizeRel|x64
		{BF49F7FD-12DB-324C-B182-CACDA1D088A0}.Release|x64.ActiveCfg = Release|x64
		{BF49F7FD-12DB-324C-B182-CACDA1D088A0}.Release|x64.Build.0 = Release|x64
		{BF49F7FD-12DB-324C-B182-CACDA1D088A0}.RelWithDebInfo|x64.ActiveCfg = RelWithDebInfo|x64
		{BF49F7FD-12DB-324C-B182-CACDA1D088A0}.RelWithDebInfo|x64.Build.0 = RelWithDebInfo|x64
		{748CF8DC-F8D2-344F-A4EB-060F09F48D28}.Debug|x64.ActiveCfg = Debug|x64
		{748CF8DC-F8D2-344F-A4EB-060F09F48D28}.Debug|x64.Build.0 = Debug|x64
		{748CF8DC-F8D2-344F-A4EB-060F09F48D28}.MinSizeRel|x64.ActiveCfg = MinSizeRel|x64
		{748CF8DC-F8D2-344F-A4EB-060F09F48D28}.MinSizeRel|x64.Build.0 = MinSizeRel|x64
		{748CF8DC-F8D2-344F-A4EB-060F09F48D28}.Release|x64.ActiveCfg = Release|x64
		{748CF8DC-F8D2-344F-A4EB-060F09F48D28}.Release|x64.Build.0 = Release|x64
		{748CF8DC-F8D2-344F-A4EB-060F09F48D28}.RelWithDebInfo|x64.ActiveCfg = RelWithDebInfo|x64
		{748CF8DC-F8D2-344F-A4EB-060F09F48D28}.RelWithDebInfo|x64.Build.0 = RelWithDebInfo|x64
		{996A0CEF-E448-369C-9282-62813FBD30F8}.Debug|x64.ActiveCfg = Debug|x64
		{996A0CEF-E448-369C-9282-62813FBD30F8}.Debug|x64.Build.0 = Debug|x64
		{996A0CEF-E448-369C-9282-62813FBD30F8}.MinSizeRel|x64.ActiveCfg = MinSizeRel|x64
		{996A0CEF-E448-369C-9282-62813FBD30F8}.MinSizeRel|x64.Build.0 = MinSizeRel|x64
		{996A0CEF-E448-369C-9282-62813FBD30F8}.Release|x64.ActiveCfg = Release|x64
		{996A0CEF-E448-369C-9282-62813FBD30F8}.Release|x64.Build.0 = Release|x64
		{996A0CEF-E448-369C-9282-62813FBD30F8}.RelWithDebInfo|x64.ActiveCfg = RelWithDebInfo|x64
		{996A0CEF-E448-369C-9282-62813FBD30F8}.RelWithDebInfo|x64.Build.0 = RelWithDebInfo|x64
	EndGlobalSection
	GlobalSection(SolutionProperties) = preSolution
		HideSolutionNode = FALSE
	EndGlobalSection
	GlobalSection(NestedProjects) = preSolution
		{3DDBBE6D-B8FE-35D2-82BB-C9C103F7A3FF} = {71C2AD1C-A595-42DB-94A1-4AC84CC411C4}
		{43378317-F87E-33BA-94E3-C5EB8C24D4EB} = {71C2AD1C-A595-42DB-94A1-4AC84CC411C4}
		{104BB098-58A0-3CC8-B5B5-C1C3FA6F0C3A} = {71C2AD1C-A595-42DB-94A1-4AC84CC411C4}
		{C7F63942-3FEB-3530-9051-90B308DD35F9} = {71C2AD1C-A595-42DB-94A1-4AC84CC411C4}
		{DEB8D32A-F5E1-342A-986B-33ACD9C8A9F8} = {3DDBBE6D-B8FE-35D2-82BB-C9C103F7A3FF}
		{B2EF51C2-3B6D-3561-AC71-E56796280784} = {71C2AD1C-A595-42DB-94A1-4AC84CC411C4}
		{9CB33B78-4E6B-3306-A854-CFEE279D0C33} = {43378317-F87E-33BA-94E3-C5EB8C24D4EB}
		{5480418C-4621-38AD-8634-275628C8D747} = {43378317-F87E-33BA-94E3-C5EB8C24D4EB}
		{B953C2E2-E821-3026-9086-6F62F7F05ECB} = {C7F63942-3FEB-3530-9051-90B308DD35F9}
		{3DAD6661-49BE-3C79-951E-70931F9345F6} = {3DDBBE6D-B8FE-35D2-82BB-C9C103F7A3FF}
		{2A6206CE-C3F7-3B7E-84DA-EF77AB141276} = {43378317-F87E-33BA-94E3-C5EB8C24D4EB}
		{2B13F375-241A-3AAA-8B7A-EF49311CBA63} = {43378317-F87E-33BA-94E3-C5EB8C24D4EB}
		{9FE74751-A422-39A9-B799-43CBEECA5191} = {104BB098-58A0-3CC8-B5B5-C1C3FA6F0C3A}
		{ADDBDC0D-BF3E-3647-AD00-E209C998958B} = {104BB098-58A0-3CC8-B5B5-C1C3FA6F0C3A}
		{8F02DD38-AC89-358B-A7A2-BAD667750124} = {104BB098-58A0-3CC8-B5B5-C1C3FA6F0C3A}
		{1A1917DB-F7D1-39E9-887A-967C234F4AEA} = {104BB098-58A0-3CC8-B5B5-C1C3FA6F0C3A}
		{2901BB54-AC99-38D2-BF9A-B625CEA3E484} = {3DDBBE6D-B8FE-35D2-82BB-C9C103F7A3FF}
		{BF49F7FD-12DB-324C-B182-CACDA1D088A0} = {104BB098-58A0-3CC8-B5B5-C1C3FA6F0C3A}
		{748CF8DC-F8D2-344F-A4EB-060F09F48D28} = {7D4C6ED4-3885-4BE1-B76B-A059E70E951F}
		{996A0CEF-E448-369C-9282-62813FBD30F8} = {F0B0EFF0-D570-4200-B4C5-2E12EFE99F7C}
		{F0B0EFF0-D570-4200-B4C5-2E12EFE99F7C} = {7D4C6ED4-3885-4BE1-B76B-A059E70E951F}
	EndGlobalSection
	GlobalSection(ExtensibilityGlobals) = postSolution
		SolutionGuid = {8BB43642-F58A-36DB-B4AD-2B2FF19CA6BD}
	EndGlobalSection
EndGlobal
