Microsoft Visual Studio Solution File, Format Version 12.00
# Visual Studio 15
VisualStudioVersion = 15.0.28307.489
MinimumVisualStudioVersion = 10.0.40219.1
Project("{8BC9CEB8-8B4A-11D0-8D11-00A0C91BC942}") = "inMyRoom_vulkan", "inMyRoom_vulkan.vcxproj", "{A083354F-720F-4FBE-A55F-3BDA1C509136}"
	ProjectSection(ProjectDependencies) = postProject
		{ED3C321A-4F95-32CA-8CB6-1BEDD17ABCC9} = {ED3C321A-4F95-32CA-8CB6-1BEDD17ABCC9}
		{7C356237-FAA7-3673-9BA7-9BB5FF5DE06D} = {7C356237-FAA7-3673-9BA7-9BB5FF5DE06D}
		{675D5C84-7F0A-327D-A38C-94ED5EA4AC05} = {675D5C84-7F0A-327D-A38C-94ED5EA4AC05}
		{78E29494-D341-37F5-AEDC-B8FC429720B1} = {78E29494-D341-37F5-AEDC-B8FC429720B1}
		{F4610C97-7CD3-3DEE-9EF3-0DE44B20444E} = {F4610C97-7CD3-3DEE-9EF3-0DE44B20444E}
		{2E59159F-0705-340B-85D5-7154CC75FD7D} = {2E59159F-0705-340B-85D5-7154CC75FD7D}
		{5B6AB5A2-D105-3A9F-8E09-BBA98D2B3F39} = {5B6AB5A2-D105-3A9F-8E09-BBA98D2B3F39}
		{161684B5-AEEA-3622-9E33-1107AE416D7C} = {161684B5-AEEA-3622-9E33-1107AE416D7C}
		{B1B9C0E1-4959-32A4-B45F-93C306ABA61B} = {B1B9C0E1-4959-32A4-B45F-93C306ABA61B}
		{B6654AEF-E2A4-3039-96B2-D02CE5E213A8} = {B6654AEF-E2A4-3039-96B2-D02CE5E213A8}
	EndProjectSection
EndProject
Project("{8BC9CEB8-8B4A-11D0-8D11-00A0C91BC942}") = "ALL_BUILD", "..\MathGeoLib\build\ALL_BUILD.vcxproj", "{5024570F-A0E2-3246-961C-873CCA355029}"
	ProjectSection(ProjectDependencies) = postProject
		{F4610C97-7CD3-3DEE-9EF3-0DE44B20444E} = {F4610C97-7CD3-3DEE-9EF3-0DE44B20444E}
		{5B6AB5A2-D105-3A9F-8E09-BBA98D2B3F39} = {5B6AB5A2-D105-3A9F-8E09-BBA98D2B3F39}
	EndProjectSection
EndProject
Project("{8BC9CEB8-8B4A-11D0-8D11-00A0C91BC942}") = "MathGeoLib", "..\MathGeoLib\build\MathGeoLib.vcxproj", "{F4610C97-7CD3-3DEE-9EF3-0DE44B20444E}"
	ProjectSection(ProjectDependencies) = postProject
		{5B6AB5A2-D105-3A9F-8E09-BBA98D2B3F39} = {5B6AB5A2-D105-3A9F-8E09-BBA98D2B3F39}
	EndProjectSection
EndProject
Project("{8BC9CEB8-8B4A-11D0-8D11-00A0C91BC942}") = "ZERO_CHECK", "..\MathGeoLib\build\ZERO_CHECK.vcxproj", "{5B6AB5A2-D105-3A9F-8E09-BBA98D2B3F39}"
EndProject
Project("{2150E333-8FDC-42A3-9474-1A3956D46DE8}") = "MathGeoLib", "MathGeoLib", "{DA272686-5257-4AB7-9A4E-AE11EC6AE884}"
EndProject
Project("{2150E333-8FDC-42A3-9474-1A3956D46DE8}") = "CMakePredefinedTargets", "CMakePredefinedTargets", "{8F6F4F27-BCE8-4B46-8DBB-37AB48DEF524}"
EndProject
Project("{2150E333-8FDC-42A3-9474-1A3956D46DE8}") = "CMakePredefinedTargets", "CMakePredefinedTargets", "{F96FC35A-EBE3-3D55-B027-507FA2025C70}"
EndProject
Project("{2150E333-8FDC-42A3-9474-1A3956D46DE8}") = "glslang", "glslang", "{4BB1F352-D6F4-3736-8350-917220ED1A35}"
EndProject
Project("{2150E333-8FDC-42A3-9474-1A3956D46DE8}") = "tools", "tools", "{DFE34015-D480-3B4E-A088-7AF35368EDAF}"
EndProject
Project("{8BC9CEB8-8B4A-11D0-8D11-00A0C91BC942}") = "ALL_BUILD", "..\Anvil\build\ALL_BUILD.vcxproj", "{A0FA28C8-1CF4-3A19-BF1C-46A7A8B29FB6}"
	ProjectSection(ProjectDependencies) = postProject
		{ED3C321A-4F95-32CA-8CB6-1BEDD17ABCC9} = {ED3C321A-4F95-32CA-8CB6-1BEDD17ABCC9}
		{AB3B0521-3C57-3E91-B7E0-986969CE0E13} = {AB3B0521-3C57-3E91-B7E0-986969CE0E13}
		{ED414E29-A880-32A6-8EE1-F3BFF71F66DA} = {ED414E29-A880-32A6-8EE1-F3BFF71F66DA}
		{ADC1813D-F1D6-3B8B-9AE0-4DE03304A350} = {ADC1813D-F1D6-3B8B-9AE0-4DE03304A350}
		{675D5C84-7F0A-327D-A38C-94ED5EA4AC05} = {675D5C84-7F0A-327D-A38C-94ED5EA4AC05}
		{2E59159F-0705-340B-85D5-7154CC75FD7D} = {2E59159F-0705-340B-85D5-7154CC75FD7D}
		{161684B5-AEEA-3622-9E33-1107AE416D7C} = {161684B5-AEEA-3622-9E33-1107AE416D7C}
		{AA61D2CC-D3A8-3E05-A5A9-22A8B790312B} = {AA61D2CC-D3A8-3E05-A5A9-22A8B790312B}
		{B1B9C0E1-4959-32A4-B45F-93C306ABA61B} = {B1B9C0E1-4959-32A4-B45F-93C306ABA61B}
		{B6654AEF-E2A4-3039-96B2-D02CE5E213A8} = {B6654AEF-E2A4-3039-96B2-D02CE5E213A8}
	EndProjectSection
EndProject
Project("{8BC9CEB8-8B4A-11D0-8D11-00A0C91BC942}") = "Anvil", "..\Anvil\build\Anvil.vcxproj", "{2E59159F-0705-340B-85D5-7154CC75FD7D}"
	ProjectSection(ProjectDependencies) = postProject
		{ED3C321A-4F95-32CA-8CB6-1BEDD17ABCC9} = {ED3C321A-4F95-32CA-8CB6-1BEDD17ABCC9}
		{675D5C84-7F0A-327D-A38C-94ED5EA4AC05} = {675D5C84-7F0A-327D-A38C-94ED5EA4AC05}
		{161684B5-AEEA-3622-9E33-1107AE416D7C} = {161684B5-AEEA-3622-9E33-1107AE416D7C}
		{B1B9C0E1-4959-32A4-B45F-93C306ABA61B} = {B1B9C0E1-4959-32A4-B45F-93C306ABA61B}
		{B6654AEF-E2A4-3039-96B2-D02CE5E213A8} = {B6654AEF-E2A4-3039-96B2-D02CE5E213A8}
	EndProjectSection
EndProject
Project("{8BC9CEB8-8B4A-11D0-8D11-00A0C91BC942}") = "OGLCompiler", "..\Anvil\build\deps\glslang\OGLCompilersDLL\OGLCompiler.vcxproj", "{B6654AEF-E2A4-3039-96B2-D02CE5E213A8}"
	ProjectSection(ProjectDependencies) = postProject
		{675D5C84-7F0A-327D-A38C-94ED5EA4AC05} = {675D5C84-7F0A-327D-A38C-94ED5EA4AC05}
	EndProjectSection
EndProject
Project("{8BC9CEB8-8B4A-11D0-8D11-00A0C91BC942}") = "OSDependent", "..\Anvil\build\deps\glslang\glslang\OSDependent\Windows\OSDependent.vcxproj", "{ED3C321A-4F95-32CA-8CB6-1BEDD17ABCC9}"
	ProjectSection(ProjectDependencies) = postProject
		{675D5C84-7F0A-327D-A38C-94ED5EA4AC05} = {675D5C84-7F0A-327D-A38C-94ED5EA4AC05}
	EndProjectSection
EndProject
Project("{8BC9CEB8-8B4A-11D0-8D11-00A0C91BC942}") = "SPIRV", "..\Anvil\build\deps\glslang\SPIRV\SPIRV.vcxproj", "{161684B5-AEEA-3622-9E33-1107AE416D7C}"
	ProjectSection(ProjectDependencies) = postProject
		{ED3C321A-4F95-32CA-8CB6-1BEDD17ABCC9} = {ED3C321A-4F95-32CA-8CB6-1BEDD17ABCC9}
		{675D5C84-7F0A-327D-A38C-94ED5EA4AC05} = {675D5C84-7F0A-327D-A38C-94ED5EA4AC05}
		{B1B9C0E1-4959-32A4-B45F-93C306ABA61B} = {B1B9C0E1-4959-32A4-B45F-93C306ABA61B}
		{B6654AEF-E2A4-3039-96B2-D02CE5E213A8} = {B6654AEF-E2A4-3039-96B2-D02CE5E213A8}
	EndProjectSection
EndProject
Project("{8BC9CEB8-8B4A-11D0-8D11-00A0C91BC942}") = "SPVRemapper", "..\Anvil\build\deps\glslang\SPIRV\SPVRemapper.vcxproj", "{AA61D2CC-D3A8-3E05-A5A9-22A8B790312B}"
	ProjectSection(ProjectDependencies) = postProject
		{675D5C84-7F0A-327D-A38C-94ED5EA4AC05} = {675D5C84-7F0A-327D-A38C-94ED5EA4AC05}
	EndProjectSection
EndProject
Project("{8BC9CEB8-8B4A-11D0-8D11-00A0C91BC942}") = "ZERO_CHECK", "..\Anvil\build\ZERO_CHECK.vcxproj", "{675D5C84-7F0A-327D-A38C-94ED5EA4AC05}"
EndProject
Project("{8BC9CEB8-8B4A-11D0-8D11-00A0C91BC942}") = "glslang", "..\Anvil\build\deps\glslang\glslang\glslang.vcxproj", "{B1B9C0E1-4959-32A4-B45F-93C306ABA61B}"
	ProjectSection(ProjectDependencies) = postProject
		{ED3C321A-4F95-32CA-8CB6-1BEDD17ABCC9} = {ED3C321A-4F95-32CA-8CB6-1BEDD17ABCC9}
		{675D5C84-7F0A-327D-A38C-94ED5EA4AC05} = {675D5C84-7F0A-327D-A38C-94ED5EA4AC05}
		{B6654AEF-E2A4-3039-96B2-D02CE5E213A8} = {B6654AEF-E2A4-3039-96B2-D02CE5E213A8}
	EndProjectSection
EndProject
Project("{8BC9CEB8-8B4A-11D0-8D11-00A0C91BC942}") = "glslang-default-resource-limits", "..\Anvil\build\deps\glslang\StandAlone\glslang-default-resource-limits.vcxproj", "{AB3B0521-3C57-3E91-B7E0-986969CE0E13}"
	ProjectSection(ProjectDependencies) = postProject
		{675D5C84-7F0A-327D-A38C-94ED5EA4AC05} = {675D5C84-7F0A-327D-A38C-94ED5EA4AC05}
	EndProjectSection
EndProject
Project("{8BC9CEB8-8B4A-11D0-8D11-00A0C91BC942}") = "glslangValidator", "..\Anvil\build\deps\glslang\StandAlone\glslangValidator.vcxproj", "{ED414E29-A880-32A6-8EE1-F3BFF71F66DA}"
	ProjectSection(ProjectDependencies) = postProject
		{ED3C321A-4F95-32CA-8CB6-1BEDD17ABCC9} = {ED3C321A-4F95-32CA-8CB6-1BEDD17ABCC9}
		{AB3B0521-3C57-3E91-B7E0-986969CE0E13} = {AB3B0521-3C57-3E91-B7E0-986969CE0E13}
		{675D5C84-7F0A-327D-A38C-94ED5EA4AC05} = {675D5C84-7F0A-327D-A38C-94ED5EA4AC05}
		{161684B5-AEEA-3622-9E33-1107AE416D7C} = {161684B5-AEEA-3622-9E33-1107AE416D7C}
		{AA61D2CC-D3A8-3E05-A5A9-22A8B790312B} = {AA61D2CC-D3A8-3E05-A5A9-22A8B790312B}
		{B1B9C0E1-4959-32A4-B45F-93C306ABA61B} = {B1B9C0E1-4959-32A4-B45F-93C306ABA61B}
		{B6654AEF-E2A4-3039-96B2-D02CE5E213A8} = {B6654AEF-E2A4-3039-96B2-D02CE5E213A8}
	EndProjectSection
EndProject
Project("{8BC9CEB8-8B4A-11D0-8D11-00A0C91BC942}") = "spirv-remap", "..\Anvil\build\deps\glslang\StandAlone\spirv-remap.vcxproj", "{ADC1813D-F1D6-3B8B-9AE0-4DE03304A350}"
	ProjectSection(ProjectDependencies) = postProject
		{ED3C321A-4F95-32CA-8CB6-1BEDD17ABCC9} = {ED3C321A-4F95-32CA-8CB6-1BEDD17ABCC9}
		{AB3B0521-3C57-3E91-B7E0-986969CE0E13} = {AB3B0521-3C57-3E91-B7E0-986969CE0E13}
		{675D5C84-7F0A-327D-A38C-94ED5EA4AC05} = {675D5C84-7F0A-327D-A38C-94ED5EA4AC05}
		{161684B5-AEEA-3622-9E33-1107AE416D7C} = {161684B5-AEEA-3622-9E33-1107AE416D7C}
		{AA61D2CC-D3A8-3E05-A5A9-22A8B790312B} = {AA61D2CC-D3A8-3E05-A5A9-22A8B790312B}
		{B1B9C0E1-4959-32A4-B45F-93C306ABA61B} = {B1B9C0E1-4959-32A4-B45F-93C306ABA61B}
		{B6654AEF-E2A4-3039-96B2-D02CE5E213A8} = {B6654AEF-E2A4-3039-96B2-D02CE5E213A8}
	EndProjectSection
EndProject
Project("{2150E333-8FDC-42A3-9474-1A3956D46DE8}") = "AnvilFramework", "AnvilFramework", "{6D8EAEF2-2A28-4F10-9C17-02D08A1114F4}"
EndProject
Project("{8BC9CEB8-8B4A-11D0-8D11-00A0C91BC942}") = "ALL_BUILD", "..\Compressonator\Compressonator\build\ALL_BUILD.vcxproj", "{353C28B0-3A05-326A-81B4-F927EF99E833}"
	ProjectSection(ProjectDependencies) = postProject
		{7C356237-FAA7-3673-9BA7-9BB5FF5DE06D} = {7C356237-FAA7-3673-9BA7-9BB5FF5DE06D}
		{78E29494-D341-37F5-AEDC-B8FC429720B1} = {78E29494-D341-37F5-AEDC-B8FC429720B1}
	EndProjectSection
EndProject
Project("{8BC9CEB8-8B4A-11D0-8D11-00A0C91BC942}") = "Compressonator", "..\Compressonator\Compressonator\build\Compressonator.vcxproj", "{7C356237-FAA7-3673-9BA7-9BB5FF5DE06D}"
	ProjectSection(ProjectDependencies) = postProject
		{78E29494-D341-37F5-AEDC-B8FC429720B1} = {78E29494-D341-37F5-AEDC-B8FC429720B1}
	EndProjectSection
EndProject
Project("{8BC9CEB8-8B4A-11D0-8D11-00A0C91BC942}") = "ZERO_CHECK", "..\Compressonator\Compressonator\build\ZERO_CHECK.vcxproj", "{78E29494-D341-37F5-AEDC-B8FC429720B1}"
EndProject
Project("{2150E333-8FDC-42A3-9474-1A3956D46DE8}") = "Compressonator", "Compressonator", "{48F7DED7-10BF-4C70-AD7C-D888D19A3C68}"
EndProject
Project("{2150E333-8FDC-42A3-9474-1A3956D46DE8}") = "CMakePredefinedTargets", "CMakePredefinedTargets", "{18710DE1-102A-4F12-880F-96B765376DA4}"
EndProject
Global
	GlobalSection(SolutionConfigurationPlatforms) = preSolution
		Debug|x64 = Debug|x64
		Release|x64 = Release|x64
	EndGlobalSection
	GlobalSection(ProjectConfigurationPlatforms) = postSolution
		{A083354F-720F-4FBE-A55F-3BDA1C509136}.Debug|x64.ActiveCfg = Debug|x64
		{A083354F-720F-4FBE-A55F-3BDA1C509136}.Debug|x64.Build.0 = Debug|x64
		{A083354F-720F-4FBE-A55F-3BDA1C509136}.Release|x64.ActiveCfg = Release|x64
		{A083354F-720F-4FBE-A55F-3BDA1C509136}.Release|x64.Build.0 = Release|x64
		{5024570F-A0E2-3246-961C-873CCA355029}.Debug|x64.ActiveCfg = Debug|x64
		{5024570F-A0E2-3246-961C-873CCA355029}.Release|x64.ActiveCfg = Release|x64
		{F4610C97-7CD3-3DEE-9EF3-0DE44B20444E}.Debug|x64.ActiveCfg = Debug|x64
		{F4610C97-7CD3-3DEE-9EF3-0DE44B20444E}.Debug|x64.Build.0 = Debug|x64
		{F4610C97-7CD3-3DEE-9EF3-0DE44B20444E}.Release|x64.ActiveCfg = Release|x64
		{F4610C97-7CD3-3DEE-9EF3-0DE44B20444E}.Release|x64.Build.0 = Release|x64
		{5B6AB5A2-D105-3A9F-8E09-BBA98D2B3F39}.Debug|x64.ActiveCfg = Debug|x64
		{5B6AB5A2-D105-3A9F-8E09-BBA98D2B3F39}.Debug|x64.Build.0 = Debug|x64
		{5B6AB5A2-D105-3A9F-8E09-BBA98D2B3F39}.Release|x64.ActiveCfg = Release|x64
		{5B6AB5A2-D105-3A9F-8E09-BBA98D2B3F39}.Release|x64.Build.0 = Release|x64
		{A0FA28C8-1CF4-3A19-BF1C-46A7A8B29FB6}.Debug|x64.ActiveCfg = Debug|x64
		{A0FA28C8-1CF4-3A19-BF1C-46A7A8B29FB6}.Release|x64.ActiveCfg = Release|x64
		{2E59159F-0705-340B-85D5-7154CC75FD7D}.Debug|x64.ActiveCfg = Debug|x64
		{2E59159F-0705-340B-85D5-7154CC75FD7D}.Debug|x64.Build.0 = Debug|x64
		{2E59159F-0705-340B-85D5-7154CC75FD7D}.Release|x64.ActiveCfg = Release|x64
		{2E59159F-0705-340B-85D5-7154CC75FD7D}.Release|x64.Build.0 = Release|x64
		{B6654AEF-E2A4-3039-96B2-D02CE5E213A8}.Debug|x64.ActiveCfg = Debug|x64
		{B6654AEF-E2A4-3039-96B2-D02CE5E213A8}.Debug|x64.Build.0 = Debug|x64
		{B6654AEF-E2A4-3039-96B2-D02CE5E213A8}.Release|x64.ActiveCfg = Release|x64
		{B6654AEF-E2A4-3039-96B2-D02CE5E213A8}.Release|x64.Build.0 = Release|x64
		{ED3C321A-4F95-32CA-8CB6-1BEDD17ABCC9}.Debug|x64.ActiveCfg = Debug|x64
		{ED3C321A-4F95-32CA-8CB6-1BEDD17ABCC9}.Debug|x64.Build.0 = Debug|x64
		{ED3C321A-4F95-32CA-8CB6-1BEDD17ABCC9}.Release|x64.ActiveCfg = Release|x64
		{ED3C321A-4F95-32CA-8CB6-1BEDD17ABCC9}.Release|x64.Build.0 = Release|x64
		{161684B5-AEEA-3622-9E33-1107AE416D7C}.Debug|x64.ActiveCfg = Debug|x64
		{161684B5-AEEA-3622-9E33-1107AE416D7C}.Debug|x64.Build.0 = Debug|x64
		{161684B5-AEEA-3622-9E33-1107AE416D7C}.Release|x64.ActiveCfg = Release|x64
		{161684B5-AEEA-3622-9E33-1107AE416D7C}.Release|x64.Build.0 = Release|x64
		{AA61D2CC-D3A8-3E05-A5A9-22A8B790312B}.Debug|x64.ActiveCfg = Debug|x64
		{AA61D2CC-D3A8-3E05-A5A9-22A8B790312B}.Debug|x64.Build.0 = Debug|x64
		{AA61D2CC-D3A8-3E05-A5A9-22A8B790312B}.Release|x64.ActiveCfg = Release|x64
		{AA61D2CC-D3A8-3E05-A5A9-22A8B790312B}.Release|x64.Build.0 = Release|x64
		{675D5C84-7F0A-327D-A38C-94ED5EA4AC05}.Debug|x64.ActiveCfg = Debug|x64
		{675D5C84-7F0A-327D-A38C-94ED5EA4AC05}.Debug|x64.Build.0 = Debug|x64
		{675D5C84-7F0A-327D-A38C-94ED5EA4AC05}.Release|x64.ActiveCfg = Release|x64
		{675D5C84-7F0A-327D-A38C-94ED5EA4AC05}.Release|x64.Build.0 = Release|x64
		{B1B9C0E1-4959-32A4-B45F-93C306ABA61B}.Debug|x64.ActiveCfg = Debug|x64
		{B1B9C0E1-4959-32A4-B45F-93C306ABA61B}.Debug|x64.Build.0 = Debug|x64
		{B1B9C0E1-4959-32A4-B45F-93C306ABA61B}.Release|x64.ActiveCfg = Release|x64
		{B1B9C0E1-4959-32A4-B45F-93C306ABA61B}.Release|x64.Build.0 = Release|x64
		{AB3B0521-3C57-3E91-B7E0-986969CE0E13}.Debug|x64.ActiveCfg = Debug|x64
		{AB3B0521-3C57-3E91-B7E0-986969CE0E13}.Debug|x64.Build.0 = Debug|x64
		{AB3B0521-3C57-3E91-B7E0-986969CE0E13}.Release|x64.ActiveCfg = Release|x64
		{AB3B0521-3C57-3E91-B7E0-986969CE0E13}.Release|x64.Build.0 = Release|x64
		{ED414E29-A880-32A6-8EE1-F3BFF71F66DA}.Debug|x64.ActiveCfg = Debug|x64
		{ED414E29-A880-32A6-8EE1-F3BFF71F66DA}.Debug|x64.Build.0 = Debug|x64
		{ED414E29-A880-32A6-8EE1-F3BFF71F66DA}.Release|x64.ActiveCfg = Release|x64
		{ED414E29-A880-32A6-8EE1-F3BFF71F66DA}.Release|x64.Build.0 = Release|x64
		{ADC1813D-F1D6-3B8B-9AE0-4DE03304A350}.Debug|x64.ActiveCfg = Debug|x64
		{ADC1813D-F1D6-3B8B-9AE0-4DE03304A350}.Debug|x64.Build.0 = Debug|x64
		{ADC1813D-F1D6-3B8B-9AE0-4DE03304A350}.Release|x64.ActiveCfg = Release|x64
		{ADC1813D-F1D6-3B8B-9AE0-4DE03304A350}.Release|x64.Build.0 = Release|x64
		{353C28B0-3A05-326A-81B4-F927EF99E833}.Debug|x64.ActiveCfg = Debug|x64
		{353C28B0-3A05-326A-81B4-F927EF99E833}.Release|x64.ActiveCfg = Release|x64
		{7C356237-FAA7-3673-9BA7-9BB5FF5DE06D}.Debug|x64.ActiveCfg = Debug|x64
		{7C356237-FAA7-3673-9BA7-9BB5FF5DE06D}.Debug|x64.Build.0 = Debug|x64
		{7C356237-FAA7-3673-9BA7-9BB5FF5DE06D}.Release|x64.ActiveCfg = Release|x64
		{7C356237-FAA7-3673-9BA7-9BB5FF5DE06D}.Release|x64.Build.0 = Release|x64
		{78E29494-D341-37F5-AEDC-B8FC429720B1}.Debug|x64.ActiveCfg = Debug|x64
		{78E29494-D341-37F5-AEDC-B8FC429720B1}.Debug|x64.Build.0 = Debug|x64
		{78E29494-D341-37F5-AEDC-B8FC429720B1}.Release|x64.ActiveCfg = Release|x64
		{78E29494-D341-37F5-AEDC-B8FC429720B1}.Release|x64.Build.0 = Release|x64
	EndGlobalSection
	GlobalSection(SolutionProperties) = preSolution
		HideSolutionNode = FALSE
	EndGlobalSection
	GlobalSection(NestedProjects) = preSolution
		{5024570F-A0E2-3246-961C-873CCA355029} = {8F6F4F27-BCE8-4B46-8DBB-37AB48DEF524}
		{F4610C97-7CD3-3DEE-9EF3-0DE44B20444E} = {DA272686-5257-4AB7-9A4E-AE11EC6AE884}
		{5B6AB5A2-D105-3A9F-8E09-BBA98D2B3F39} = {8F6F4F27-BCE8-4B46-8DBB-37AB48DEF524}
		{8F6F4F27-BCE8-4B46-8DBB-37AB48DEF524} = {DA272686-5257-4AB7-9A4E-AE11EC6AE884}
		{F96FC35A-EBE3-3D55-B027-507FA2025C70} = {6D8EAEF2-2A28-4F10-9C17-02D08A1114F4}
		{4BB1F352-D6F4-3736-8350-917220ED1A35} = {6D8EAEF2-2A28-4F10-9C17-02D08A1114F4}
		{DFE34015-D480-3B4E-A088-7AF35368EDAF} = {6D8EAEF2-2A28-4F10-9C17-02D08A1114F4}
		{A0FA28C8-1CF4-3A19-BF1C-46A7A8B29FB6} = {F96FC35A-EBE3-3D55-B027-507FA2025C70}
		{2E59159F-0705-340B-85D5-7154CC75FD7D} = {6D8EAEF2-2A28-4F10-9C17-02D08A1114F4}
		{B6654AEF-E2A4-3039-96B2-D02CE5E213A8} = {4BB1F352-D6F4-3736-8350-917220ED1A35}
		{ED3C321A-4F95-32CA-8CB6-1BEDD17ABCC9} = {4BB1F352-D6F4-3736-8350-917220ED1A35}
		{161684B5-AEEA-3622-9E33-1107AE416D7C} = {4BB1F352-D6F4-3736-8350-917220ED1A35}
		{AA61D2CC-D3A8-3E05-A5A9-22A8B790312B} = {4BB1F352-D6F4-3736-8350-917220ED1A35}
		{675D5C84-7F0A-327D-A38C-94ED5EA4AC05} = {F96FC35A-EBE3-3D55-B027-507FA2025C70}
		{B1B9C0E1-4959-32A4-B45F-93C306ABA61B} = {4BB1F352-D6F4-3736-8350-917220ED1A35}
		{AB3B0521-3C57-3E91-B7E0-986969CE0E13} = {4BB1F352-D6F4-3736-8350-917220ED1A35}
		{ED414E29-A880-32A6-8EE1-F3BFF71F66DA} = {DFE34015-D480-3B4E-A088-7AF35368EDAF}
		{ADC1813D-F1D6-3B8B-9AE0-4DE03304A350} = {DFE34015-D480-3B4E-A088-7AF35368EDAF}
		{353C28B0-3A05-326A-81B4-F927EF99E833} = {18710DE1-102A-4F12-880F-96B765376DA4}
		{7C356237-FAA7-3673-9BA7-9BB5FF5DE06D} = {48F7DED7-10BF-4C70-AD7C-D888D19A3C68}
		{78E29494-D341-37F5-AEDC-B8FC429720B1} = {18710DE1-102A-4F12-880F-96B765376DA4}
		{18710DE1-102A-4F12-880F-96B765376DA4} = {48F7DED7-10BF-4C70-AD7C-D888D19A3C68}
	EndGlobalSection
	GlobalSection(ExtensibilityGlobals) = postSolution
		SolutionGuid = {2D0662C4-2B9F-3D23-B776-CB192AEA621C}
	EndGlobalSection
EndGlobal
