<?xml version="1.0" encoding="utf-8"?>
<Project ToolsVersion="4.0" xmlns="http://schemas.microsoft.com/developer/msbuild/2003">
  <ItemGroup>
    <Filter Include="Source Files">
      <UniqueIdentifier>{4FC737F1-C7A5-4376-A066-2A32D752A2FF}</UniqueIdentifier>
      <Extensions>cpp;c;cc;cxx;def;odl;idl;hpj;bat;asm;asmx</Extensions>
    </Filter>
    <Filter Include="Header Files">
      <UniqueIdentifier>{93995380-89BD-4b04-88EB-625FBE52EBFB}</UniqueIdentifier>
      <Extensions>h;hh;hpp;hxx;hm;inl;inc;ipp;xsd</Extensions>
    </Filter>
    <Filter Include="Resource Files">
      <UniqueIdentifier>{67DA6AB6-F800-4c08-8B7A-83BB121AAD01}</UniqueIdentifier>
      <Extensions>rc;ico;cur;bmp;dlg;rc2;rct;bin;rgs;gif;jpg;jpeg;jpe;resx;tiff;tif;png;wav;mfcribbon-ms</Extensions>
    </Filter>
    <Filter Include="Source Files\_ect">
      <UniqueIdentifier>{6d1be37a-7301-4c7e-8906-76ce099d53d7}</UniqueIdentifier>
    </Filter>
    <Filter Include="Header Files\_etc">
      <UniqueIdentifier>{3f363aaa-a27a-4d80-96ad-22df54595c09}</UniqueIdentifier>
    </Filter>
    <Filter Include="Source Files\Meshes">
      <UniqueIdentifier>{3d47ba8c-67af-4bf5-82df-16b23b68aa52}</UniqueIdentifier>
    </Filter>
    <Filter Include="Header Files\Meshes">
      <UniqueIdentifier>{1d5cc62f-24cc-4565-b9a2-f008d5c966ce}</UniqueIdentifier>
    </Filter>
    <Filter Include="Header Files\ECS">
      <UniqueIdentifier>{b844e6b5-d84c-4d42-9f2e-4388413134a1}</UniqueIdentifier>
    </Filter>
    <Filter Include="Header Files\ECS\_etc">
      <UniqueIdentifier>{2dea0d4f-518c-447d-9518-881f1f2e53c0}</UniqueIdentifier>
    </Filter>
    <Filter Include="Header Files\ECS\GeneralComponents">
      <UniqueIdentifier>{2e659d32-91c8-4a82-848a-d61f2c03342f}</UniqueIdentifier>
    </Filter>
    <Filter Include="Header Files\ECS\GeneralCompEntities">
      <UniqueIdentifier>{b5e4c7e7-8d79-49f4-894e-e27b610c2c33}</UniqueIdentifier>
    </Filter>
    <Filter Include="Source Files\ECS">
      <UniqueIdentifier>{8ee7f103-ffea-43cf-854c-4efbb46e4606}</UniqueIdentifier>
    </Filter>
    <Filter Include="Source Files\ECS\GeneralComponents">
      <UniqueIdentifier>{a144674c-741b-4036-b1a4-93b653367cca}</UniqueIdentifier>
    </Filter>
    <Filter Include="Source Files\ECS\GeneralCompEntities">
      <UniqueIdentifier>{79bed3da-46c3-49b3-acb5-d5435b8f21eb}</UniqueIdentifier>
    </Filter>
    <Filter Include="Header Files\Geometry">
      <UniqueIdentifier>{9703ab36-fe7e-441b-ba77-d96a6dba30fd}</UniqueIdentifier>
    </Filter>
    <Filter Include="Source Files\Geometry">
      <UniqueIdentifier>{ad0abb18-bd68-47a9-8dab-22c7323f6975}</UniqueIdentifier>
    </Filter>
  </ItemGroup>
  <ItemGroup>
    <ClCompile Include="src\main.cpp">
      <Filter>Source Files</Filter>
    </ClCompile>
    <ClCompile Include="src\Engine.cpp">
      <Filter>Source Files</Filter>
    </ClCompile>
    <ClCompile Include="src\Graphics.cpp">
      <Filter>Source Files</Filter>
    </ClCompile>
    <ClCompile Include="src\WindowWithAsyncInput.cpp">
      <Filter>Source Files</Filter>
    </ClCompile>
    <ClCompile Include="src\NaiveCamera.cpp">
      <Filter>Source Files</Filter>
    </ClCompile>
    <ClCompile Include="src\InputManager.cpp">
      <Filter>Source Files</Filter>
    </ClCompile>
    <ClCompile Include="src\CameraBaseClass.cpp">
      <Filter>Source Files</Filter>
    </ClCompile>
    <ClCompile Include="src\VulkanInit.cpp">
      <Filter>Source Files</Filter>
    </ClCompile>
    <ClCompile Include="src\Drawer.cpp">
      <Filter>Source Files</Filter>
    </ClCompile>
    <ClCompile Include="..\DiTO\dito.cpp">
      <Filter>Source Files\_ect</Filter>
    </ClCompile>
    <ClCompile Include="src\PipelinesFactory.cpp">
      <Filter>Source Files</Filter>
    </ClCompile>
    <ClCompile Include="src\ShadersSetsFamiliesCache.cpp">
      <Filter>Source Files</Filter>
    </ClCompile>
    <ClCompile Include="src\MipmapsGenerator.cpp">
      <Filter>Source Files</Filter>
    </ClCompile>
    <ClCompile Include="src\GameImport.cpp">
      <Filter>Source Files</Filter>
    </ClCompile>
    <ClCompile Include="src\ECS\ComponentBaseClass.cpp">
      <Filter>Source Files\ECS</Filter>
    </ClCompile>
    <ClCompile Include="src\ECS\ComponentRawBaseClass.cpp">
      <Filter>Source Files\ECS</Filter>
    </ClCompile>
    <ClCompile Include="src\ECS\ComponentSparseBaseClass.cpp">
      <Filter>Source Files\ECS</Filter>
    </ClCompile>
    <ClCompile Include="src\ECS\ECSwrapper.cpp">
      <Filter>Source Files\ECS</Filter>
    </ClCompile>
    <ClCompile Include="src\ECS\EnginesExportedFunctions.cpp">
      <Filter>Source Files\ECS</Filter>
    </ClCompile>
    <ClCompile Include="src\ECS\EntitiesHandler.cpp">
      <Filter>Source Files\ECS</Filter>
    </ClCompile>
    <ClCompile Include="src\ECS\GeneralComponents\ModelDrawComp.cpp">
      <Filter>Source Files\ECS\GeneralComponents</Filter>
    </ClCompile>
    <ClCompile Include="src\ECS\GeneralComponents\NodeGlobalMatrixComp.cpp">
      <Filter>Source Files\ECS\GeneralComponents</Filter>
    </ClCompile>
    <ClCompile Include="src\ECS\GeneralComponents\PositionComp.cpp">
      <Filter>Source Files\ECS\GeneralComponents</Filter>
    </ClCompile>
    <ClCompile Include="src\ECS\GeneralCompEntities\ModelDrawCompEntity.cpp">
      <Filter>Source Files\ECS\GeneralCompEntities</Filter>
    </ClCompile>
    <ClCompile Include="src\ECS\GeneralCompEntities\NodeGlobalMatrixCompEntity.cpp">
      <Filter>Source Files\ECS\GeneralCompEntities</Filter>
    </ClCompile>
    <ClCompile Include="src\ECS\GeneralCompEntities\PositionCompEntity.cpp">
      <Filter>Source Files\ECS\GeneralCompEntities</Filter>
    </ClCompile>
    <ClCompile Include="src\Geometry\Cuboid.cpp">
      <Filter>Source Files\Geometry</Filter>
    </ClCompile>
    <ClCompile Include="src\Geometry\FrustumCulling.cpp">
      <Filter>Source Files\Geometry</Filter>
    </ClCompile>
    <ClCompile Include="src\Geometry\OBB.cpp">
      <Filter>Source Files\Geometry</Filter>
    </ClCompile>
    <ClCompile Include="src\Geometry\Plane.cpp">
      <Filter>Source Files\Geometry</Filter>
    </ClCompile>
    <ClCompile Include="src\Geometry\ViewportFrustum.cpp">
      <Filter>Source Files\Geometry</Filter>
    </ClCompile>
    <ClCompile Include="src\Meshes\ImagesAboutOfTextures.cpp">
      <Filter>Source Files\Meshes</Filter>
    </ClCompile>
    <ClCompile Include="src\Meshes\MaterialsOfPrimitives.cpp">
      <Filter>Source Files\Meshes</Filter>
    </ClCompile>
    <ClCompile Include="src\Meshes\MeshesOfNodes.cpp">
      <Filter>Source Files\Meshes</Filter>
    </ClCompile>
    <ClCompile Include="src\Meshes\PrimitivesOfMeshes.cpp">
      <Filter>Source Files\Meshes</Filter>
    </ClCompile>
    <ClCompile Include="src\Meshes\TexturesOfMaterials.cpp">
      <Filter>Source Files\Meshes</Filter>
    </ClCompile>
  </ItemGroup>
  <ItemGroup>
    <ClInclude Include="include\Engine.h">
      <Filter>Header Files</Filter>
    </ClInclude>
    <ClInclude Include="include\Graphics.h">
      <Filter>Header Files</Filter>
    </ClInclude>
    <ClInclude Include="include\InputManager.h">
      <Filter>Header Files</Filter>
    </ClInclude>
    <ClInclude Include="include\WindowWithAsyncInput.h">
      <Filter>Header Files</Filter>
    </ClInclude>
    <ClInclude Include="include\NaiveCamera.h">
      <Filter>Header Files</Filter>
    </ClInclude>
    <ClInclude Include="..\Configuru\configuru.hpp">
      <Filter>Header Files\_etc</Filter>
    </ClInclude>
    <ClInclude Include="include\glTFenum.h">
      <Filter>Header Files\_etc</Filter>
    </ClInclude>
    <ClInclude Include="..\tinygltf\tiny_gltf.h">
      <Filter>Header Files\_etc</Filter>
    </ClInclude>
    <ClInclude Include="..\tinygltf\stb_image.h">
      <Filter>Header Files\_etc</Filter>
    </ClInclude>
    <ClInclude Include="include\hash_combine.h">
      <Filter>Header Files\_etc</Filter>
    </ClInclude>
    <ClInclude Include="include\VulkanInit.h">
      <Filter>Header Files</Filter>
    </ClInclude>
    <ClInclude Include="include\Drawer.h">
      <Filter>Header Files</Filter>
    </ClInclude>
    <ClInclude Include="..\DiTO\dito.h">
      <Filter>Header Files\_etc</Filter>
    </ClInclude>
    <ClInclude Include="include\PipelinesFactory.h">
      <Filter>Header Files</Filter>
    </ClInclude>
    <ClInclude Include="include\ShadersSetsFamiliesCache.h">
      <Filter>Header Files</Filter>
    </ClInclude>
    <ClInclude Include="include\const_maps.h">
      <Filter>Header Files\_etc</Filter>
    </ClInclude>
    <ClInclude Include="include\MipmapsGenerator.h">
      <Filter>Header Files</Filter>
    </ClInclude>
    <ClInclude Include="include\GameImport.h">
      <Filter>Header Files</Filter>
    </ClInclude>
    <ClInclude Include="include\ECS\ComponentBaseClass.h">
      <Filter>Header Files\ECS</Filter>
    </ClInclude>
    <ClInclude Include="include\ECS\ComponentRawBaseClass.h">
      <Filter>Header Files\ECS</Filter>
    </ClInclude>
    <ClInclude Include="include\ECS\ComponentSparseBaseClass.h">
      <Filter>Header Files\ECS</Filter>
    </ClInclude>
    <ClInclude Include="include\ECS\ECSwrapper.h">
      <Filter>Header Files\ECS</Filter>
    </ClInclude>
    <ClInclude Include="include\ECS\EnginesExportedFunctions.h">
      <Filter>Header Files\ECS</Filter>
    </ClInclude>
    <ClInclude Include="include\ECS\EntitiesHandler.h">
      <Filter>Header Files\ECS</Filter>
    </ClInclude>
    <ClInclude Include="include\ECS\ECStypes.h">
      <Filter>Header Files\ECS\_etc</Filter>
    </ClInclude>
    <ClInclude Include="include\ECS\ComponentsIDsEnum.h">
      <Filter>Header Files\ECS\_etc</Filter>
    </ClInclude>
    <ClInclude Include="include\ECS\GeneralComponents\ModelDrawComp.h">
      <Filter>Header Files\ECS\GeneralComponents</Filter>
    </ClInclude>
    <ClInclude Include="include\ECS\GeneralComponents\NodeGlobalMatrixComp.h">
      <Filter>Header Files\ECS\GeneralComponents</Filter>
    </ClInclude>
    <ClInclude Include="include\ECS\GeneralComponents\PositionComp.h">
      <Filter>Header Files\ECS\GeneralComponents</Filter>
    </ClInclude>
    <ClInclude Include="include\ECS\GeneralCompEntities\ModelDrawCompEntity.h">
      <Filter>Header Files\ECS\GeneralCompEntities</Filter>
    </ClInclude>
    <ClInclude Include="include\ECS\GeneralCompEntities\NodeGlobalMatrixCompEntity.h">
      <Filter>Header Files\ECS\GeneralCompEntities</Filter>
    </ClInclude>
    <ClInclude Include="include\ECS\GeneralCompEntities\PositionCompEntity.h">
      <Filter>Header Files\ECS\GeneralCompEntities</Filter>
    </ClInclude>
    <ClInclude Include="include\CameraBaseClass.h">
      <Filter>Header Files</Filter>
    </ClInclude>
    <ClInclude Include="include\Geometry\Cuboid.h">
      <Filter>Header Files\Geometry</Filter>
    </ClInclude>
    <ClInclude Include="include\Geometry\FrustumCulling.h">
      <Filter>Header Files\Geometry</Filter>
    </ClInclude>
    <ClInclude Include="include\Geometry\OBB.h">
      <Filter>Header Files\Geometry</Filter>
    </ClInclude>
    <ClInclude Include="include\Geometry\Plane.h">
      <Filter>Header Files\Geometry</Filter>
    </ClInclude>
    <ClInclude Include="include\Geometry\ViewportFrustum.h">
      <Filter>Header Files\Geometry</Filter>
    </ClInclude>
    <ClInclude Include="include\Meshes\ImagesAboutOfTextures.h">
      <Filter>Header Files\Meshes</Filter>
    </ClInclude>
    <ClInclude Include="include\Meshes\MaterialsOfPrimitives.h">
      <Filter>Header Files\Meshes</Filter>
    </ClInclude>
    <ClInclude Include="include\Meshes\MeshesOfNodes.h">
      <Filter>Header Files\Meshes</Filter>
    </ClInclude>
    <ClInclude Include="include\Meshes\PrimitivesOfMeshes.h">
      <Filter>Header Files\Meshes</Filter>
    </ClInclude>
    <ClInclude Include="include\Meshes\TexturesOfMaterials.h">
      <Filter>Header Files\Meshes</Filter>
    </ClInclude>
  </ItemGroup>
  <ItemGroup>
    <None Include="config.cfg">
      <Filter>Resource Files</Filter>
    </None>
    <None Include="shaders\zprepassShader_glsl.vert">
      <Filter>Resource Files</Filter>
    </None>
    <None Include="shaders\generalShader_glsl.frag">
      <Filter>Resource Files</Filter>
    </None>
    <None Include="shaders\generalShader_glsl.vert">
      <Filter>Resource Files</Filter>
    </None>
  </ItemGroup>
</Project>