
Microsoft Visual Studio Solution File, Format Version 12.00
# Visual Studio Version 16
VisualStudioVersion = 16.0.29613.14
MinimumVisualStudioVersion = 10.0.40219.1
Project("{8BC9CEB8-8B4A-11D0-8D11-00A0C91BC942}") = "inMyRoom_vulkan", "inMyRoom_vulkan.vcxproj", "{A083354F-720F-4FBE-A55F-3BDA1C509136}"
	ProjectSection(ProjectDependencies) = postProject
		{83334BF5-FA2D-3C7C-B0E1-1684419089AA} = {83334BF5-FA2D-3C7C-B0E1-1684419089AA}
		{5FEA64CB-EDA1-3CEF-BBD5-77361EA316CB} = {5FEA64CB-EDA1-3CEF-BBD5-77361EA316CB}
		{55200377-192C-32F3-B754-1BCDEEB88EC6} = {55200377-192C-32F3-B754-1BCDEEB88EC6}
		{DBAFF317-77B5-3263-B8F6-BB7F4F069DCC} = {DBAFF317-77B5-3263-B8F6-BB7F4F069DCC}
		{A7821096-85BB-30AF-AB23-E84D57A1AFB0} = {A7821096-85BB-30AF-AB23-E84D57A1AFB0}
		{F71A6808-738F-37F4-AE71-BC1643EBA040} = {F71A6808-738F-37F4-AE71-BC1643EBA040}
		{B3007179-B974-3540-B9F0-9D5D429C3EF0} = {B3007179-B974-3540-B9F0-9D5D429C3EF0}
		{5F08E3A4-5B33-3522-AB17-89DE323BD374} = {5F08E3A4-5B33-3522-AB17-89DE323BD374}
		{9FE790C1-B578-3D8D-8435-7D9B56CF1C7C} = {9FE790C1-B578-3D8D-8435-7D9B56CF1C7C}
		{602D4F24-B245-37F7-9FAD-50DF3253D499} = {602D4F24-B245-37F7-9FAD-50DF3253D499}
		{78704673-557C-3083-A4D9-59870714C5BC} = {78704673-557C-3083-A4D9-59870714C5BC}
	EndProjectSection
EndProject
Project("{2150E333-8FDC-42A3-9474-1A3956D46DE8}") = "CMakePredefinedTargets", "CMakePredefinedTargets", "{F96FC35A-EBE3-3D55-B027-507FA2025C70}"
EndProject
Project("{2150E333-8FDC-42A3-9474-1A3956D46DE8}") = "glslang", "glslang", "{4BB1F352-D6F4-3736-8350-917220ED1A35}"
EndProject
Project("{2150E333-8FDC-42A3-9474-1A3956D46DE8}") = "tools", "tools", "{DFE34015-D480-3B4E-A088-7AF35368EDAF}"
EndProject
Project("{8BC9CEB8-8B4A-11D0-8D11-00A0C91BC942}") = "ALL_BUILD", "..\Anvil\build\ALL_BUILD.vcxproj", "{C27EC86F-3F35-3DAA-B0DD-1F33B3D45AF0}"
	ProjectSection(ProjectDependencies) = postProject
		{83334BF5-FA2D-3C7C-B0E1-1684419089AA} = {83334BF5-FA2D-3C7C-B0E1-1684419089AA}
		{5FEA64CB-EDA1-3CEF-BBD5-77361EA316CB} = {5FEA64CB-EDA1-3CEF-BBD5-77361EA316CB}
		{55200377-192C-32F3-B754-1BCDEEB88EC6} = {55200377-192C-32F3-B754-1BCDEEB88EC6}
		{DBAFF317-77B5-3263-B8F6-BB7F4F069DCC} = {DBAFF317-77B5-3263-B8F6-BB7F4F069DCC}
		{A7821096-85BB-30AF-AB23-E84D57A1AFB0} = {A7821096-85BB-30AF-AB23-E84D57A1AFB0}
		{B3007179-B974-3540-B9F0-9D5D429C3EF0} = {B3007179-B974-3540-B9F0-9D5D429C3EF0}
		{5F08E3A4-5B33-3522-AB17-89DE323BD374} = {5F08E3A4-5B33-3522-AB17-89DE323BD374}
		{9FE790C1-B578-3D8D-8435-7D9B56CF1C7C} = {9FE790C1-B578-3D8D-8435-7D9B56CF1C7C}
		{602D4F24-B245-37F7-9FAD-50DF3253D499} = {602D4F24-B245-37F7-9FAD-50DF3253D499}
		{78704673-557C-3083-A4D9-59870714C5BC} = {78704673-557C-3083-A4D9-59870714C5BC}
	EndProjectSection
EndProject
Project("{8BC9CEB8-8B4A-11D0-8D11-00A0C91BC942}") = "Anvil", "..\Anvil\build\Anvil.vcxproj", "{B3007179-B974-3540-B9F0-9D5D429C3EF0}"
	ProjectSection(ProjectDependencies) = postProject
		{83334BF5-FA2D-3C7C-B0E1-1684419089AA} = {83334BF5-FA2D-3C7C-B0E1-1684419089AA}
		{A7821096-85BB-30AF-AB23-E84D57A1AFB0} = {A7821096-85BB-30AF-AB23-E84D57A1AFB0}
		{5F08E3A4-5B33-3522-AB17-89DE323BD374} = {5F08E3A4-5B33-3522-AB17-89DE323BD374}
		{602D4F24-B245-37F7-9FAD-50DF3253D499} = {602D4F24-B245-37F7-9FAD-50DF3253D499}
		{78704673-557C-3083-A4D9-59870714C5BC} = {78704673-557C-3083-A4D9-59870714C5BC}
	EndProjectSection
EndProject
Project("{8BC9CEB8-8B4A-11D0-8D11-00A0C91BC942}") = "OGLCompiler", "..\Anvil\build\deps\glslang\OGLCompilersDLL\OGLCompiler.vcxproj", "{78704673-557C-3083-A4D9-59870714C5BC}"
	ProjectSection(ProjectDependencies) = postProject
		{A7821096-85BB-30AF-AB23-E84D57A1AFB0} = {A7821096-85BB-30AF-AB23-E84D57A1AFB0}
	EndProjectSection
EndProject
Project("{8BC9CEB8-8B4A-11D0-8D11-00A0C91BC942}") = "OSDependent", "..\Anvil\build\deps\glslang\glslang\OSDependent\Windows\OSDependent.vcxproj", "{83334BF5-FA2D-3C7C-B0E1-1684419089AA}"
	ProjectSection(ProjectDependencies) = postProject
		{A7821096-85BB-30AF-AB23-E84D57A1AFB0} = {A7821096-85BB-30AF-AB23-E84D57A1AFB0}
	EndProjectSection
EndProject
Project("{8BC9CEB8-8B4A-11D0-8D11-00A0C91BC942}") = "SPIRV", "..\Anvil\build\deps\glslang\SPIRV\SPIRV.vcxproj", "{5F08E3A4-5B33-3522-AB17-89DE323BD374}"
	ProjectSection(ProjectDependencies) = postProject
		{83334BF5-FA2D-3C7C-B0E1-1684419089AA} = {83334BF5-FA2D-3C7C-B0E1-1684419089AA}
		{A7821096-85BB-30AF-AB23-E84D57A1AFB0} = {A7821096-85BB-30AF-AB23-E84D57A1AFB0}
		{602D4F24-B245-37F7-9FAD-50DF3253D499} = {602D4F24-B245-37F7-9FAD-50DF3253D499}
		{78704673-557C-3083-A4D9-59870714C5BC} = {78704673-557C-3083-A4D9-59870714C5BC}
	EndProjectSection
EndProject
Project("{8BC9CEB8-8B4A-11D0-8D11-00A0C91BC942}") = "SPVRemapper", "..\Anvil\build\deps\glslang\SPIRV\SPVRemapper.vcxproj", "{9FE790C1-B578-3D8D-8435-7D9B56CF1C7C}"
	ProjectSection(ProjectDependencies) = postProject
		{A7821096-85BB-30AF-AB23-E84D57A1AFB0} = {A7821096-85BB-30AF-AB23-E84D57A1AFB0}
	EndProjectSection
EndProject
Project("{8BC9CEB8-8B4A-11D0-8D11-00A0C91BC942}") = "ZERO_CHECK", "..\Anvil\build\ZERO_CHECK.vcxproj", "{A7821096-85BB-30AF-AB23-E84D57A1AFB0}"
EndProject
Project("{8BC9CEB8-8B4A-11D0-8D11-00A0C91BC942}") = "glslang", "..\Anvil\build\deps\glslang\glslang\glslang.vcxproj", "{602D4F24-B245-37F7-9FAD-50DF3253D499}"
	ProjectSection(ProjectDependencies) = postProject
		{83334BF5-FA2D-3C7C-B0E1-1684419089AA} = {83334BF5-FA2D-3C7C-B0E1-1684419089AA}
		{A7821096-85BB-30AF-AB23-E84D57A1AFB0} = {A7821096-85BB-30AF-AB23-E84D57A1AFB0}
		{78704673-557C-3083-A4D9-59870714C5BC} = {78704673-557C-3083-A4D9-59870714C5BC}
	EndProjectSection
EndProject
Project("{8BC9CEB8-8B4A-11D0-8D11-00A0C91BC942}") = "glslang-default-resource-limits", "..\Anvil\build\deps\glslang\StandAlone\glslang-default-resource-limits.vcxproj", "{5FEA64CB-EDA1-3CEF-BBD5-77361EA316CB}"
	ProjectSection(ProjectDependencies) = postProject
		{A7821096-85BB-30AF-AB23-E84D57A1AFB0} = {A7821096-85BB-30AF-AB23-E84D57A1AFB0}
	EndProjectSection
EndProject
Project("{8BC9CEB8-8B4A-11D0-8D11-00A0C91BC942}") = "glslangValidator", "..\Anvil\build\deps\glslang\StandAlone\glslangValidator.vcxproj", "{55200377-192C-32F3-B754-1BCDEEB88EC6}"
	ProjectSection(ProjectDependencies) = postProject
		{83334BF5-FA2D-3C7C-B0E1-1684419089AA} = {83334BF5-FA2D-3C7C-B0E1-1684419089AA}
		{5FEA64CB-EDA1-3CEF-BBD5-77361EA316CB} = {5FEA64CB-EDA1-3CEF-BBD5-77361EA316CB}
		{A7821096-85BB-30AF-AB23-E84D57A1AFB0} = {A7821096-85BB-30AF-AB23-E84D57A1AFB0}
		{5F08E3A4-5B33-3522-AB17-89DE323BD374} = {5F08E3A4-5B33-3522-AB17-89DE323BD374}
		{9FE790C1-B578-3D8D-8435-7D9B56CF1C7C} = {9FE790C1-B578-3D8D-8435-7D9B56CF1C7C}
		{602D4F24-B245-37F7-9FAD-50DF3253D499} = {602D4F24-B245-37F7-9FAD-50DF3253D499}
		{78704673-557C-3083-A4D9-59870714C5BC} = {78704673-557C-3083-A4D9-59870714C5BC}
	EndProjectSection
EndProject
Project("{8BC9CEB8-8B4A-11D0-8D11-00A0C91BC942}") = "spirv-remap", "..\Anvil\build\deps\glslang\StandAlone\spirv-remap.vcxproj", "{DBAFF317-77B5-3263-B8F6-BB7F4F069DCC}"
	ProjectSection(ProjectDependencies) = postProject
		{83334BF5-FA2D-3C7C-B0E1-1684419089AA} = {83334BF5-FA2D-3C7C-B0E1-1684419089AA}
		{5FEA64CB-EDA1-3CEF-BBD5-77361EA316CB} = {5FEA64CB-EDA1-3CEF-BBD5-77361EA316CB}
		{A7821096-85BB-30AF-AB23-E84D57A1AFB0} = {A7821096-85BB-30AF-AB23-E84D57A1AFB0}
		{5F08E3A4-5B33-3522-AB17-89DE323BD374} = {5F08E3A4-5B33-3522-AB17-89DE323BD374}
		{9FE790C1-B578-3D8D-8435-7D9B56CF1C7C} = {9FE790C1-B578-3D8D-8435-7D9B56CF1C7C}
		{602D4F24-B245-37F7-9FAD-50DF3253D499} = {602D4F24-B245-37F7-9FAD-50DF3253D499}
		{78704673-557C-3083-A4D9-59870714C5BC} = {78704673-557C-3083-A4D9-59870714C5BC}
	EndProjectSection
EndProject
Project("{2150E333-8FDC-42A3-9474-1A3956D46DE8}") = "AnvilFramework", "AnvilFramework", "{6D8EAEF2-2A28-4F10-9C17-02D08A1114F4}"
EndProject
Project("{2150E333-8FDC-42A3-9474-1A3956D46DE8}") = "Compressonator", "Compressonator", "{48F7DED7-10BF-4C70-AD7C-D888D19A3C68}"
EndProject
Project("{8BC9CEB8-8B4A-11D0-8D11-00A0C91BC942}") = "ALL_BUILD", "..\Compressonator\Compressonator\build\ALL_BUILD.vcxproj", "{37E962EE-DB60-3A61-A0EB-1F549EA386E9}"
	ProjectSection(ProjectDependencies) = postProject
		{AA416361-76C3-380C-A9A9-9A2FAEE1BDBB} = {AA416361-76C3-380C-A9A9-9A2FAEE1BDBB}
		{F71A6808-738F-37F4-AE71-BC1643EBA040} = {F71A6808-738F-37F4-AE71-BC1643EBA040}
	EndProjectSection
EndProject
Project("{8BC9CEB8-8B4A-11D0-8D11-00A0C91BC942}") = "CMP_Framework", "..\Compressonator\Compressonator\build\CMP_Framework.vcxproj", "{AA416361-76C3-380C-A9A9-9A2FAEE1BDBB}"
	ProjectSection(ProjectDependencies) = postProject
		{F71A6808-738F-37F4-AE71-BC1643EBA040} = {F71A6808-738F-37F4-AE71-BC1643EBA040}
	EndProjectSection
EndProject
Project("{8BC9CEB8-8B4A-11D0-8D11-00A0C91BC942}") = "ZERO_CHECK", "..\Compressonator\Compressonator\build\ZERO_CHECK.vcxproj", "{F71A6808-738F-37F4-AE71-BC1643EBA040}"
EndProject
Project("{2150E333-8FDC-42A3-9474-1A3956D46DE8}") = "CMakePredefinedTargets", "CMakePredefinedTargets", "{46526A5A-B15E-49FD-9675-11E7281D87FB}"
EndProject
Global
	GlobalSection(SolutionConfigurationPlatforms) = preSolution
		Debug|x64 = Debug|x64
		MinSizeRel|x64 = MinSizeRel|x64
		Release|x64 = Release|x64
		RelWithDebInfo|x64 = RelWithDebInfo|x64
	EndGlobalSection
	GlobalSection(ProjectConfigurationPlatforms) = postSolution
		{A083354F-720F-4FBE-A55F-3BDA1C509136}.Debug|x64.ActiveCfg = Debug|x64
		{A083354F-720F-4FBE-A55F-3BDA1C509136}.Debug|x64.Build.0 = Debug|x64
		{A083354F-720F-4FBE-A55F-3BDA1C509136}.MinSizeRel|x64.ActiveCfg = Release|x64
		{A083354F-720F-4FBE-A55F-3BDA1C509136}.MinSizeRel|x64.Build.0 = Release|x64
		{A083354F-720F-4FBE-A55F-3BDA1C509136}.Release|x64.ActiveCfg = Release|x64
		{A083354F-720F-4FBE-A55F-3BDA1C509136}.Release|x64.Build.0 = Release|x64
		{A083354F-720F-4FBE-A55F-3BDA1C509136}.RelWithDebInfo|x64.ActiveCfg = Release|x64
		{A083354F-720F-4FBE-A55F-3BDA1C509136}.RelWithDebInfo|x64.Build.0 = Release|x64
		{C27EC86F-3F35-3DAA-B0DD-1F33B3D45AF0}.Debug|x64.ActiveCfg = Debug|x64
		{C27EC86F-3F35-3DAA-B0DD-1F33B3D45AF0}.MinSizeRel|x64.ActiveCfg = MinSizeRel|x64
		{C27EC86F-3F35-3DAA-B0DD-1F33B3D45AF0}.MinSizeRel|x64.Build.0 = MinSizeRel|x64
		{C27EC86F-3F35-3DAA-B0DD-1F33B3D45AF0}.Release|x64.ActiveCfg = Release|x64
		{C27EC86F-3F35-3DAA-B0DD-1F33B3D45AF0}.RelWithDebInfo|x64.ActiveCfg = RelWithDebInfo|x64
		{C27EC86F-3F35-3DAA-B0DD-1F33B3D45AF0}.RelWithDebInfo|x64.Build.0 = RelWithDebInfo|x64
		{B3007179-B974-3540-B9F0-9D5D429C3EF0}.Debug|x64.ActiveCfg = Debug|x64
		{B3007179-B974-3540-B9F0-9D5D429C3EF0}.Debug|x64.Build.0 = Debug|x64
		{B3007179-B974-3540-B9F0-9D5D429C3EF0}.MinSizeRel|x64.ActiveCfg = MinSizeRel|x64
		{B3007179-B974-3540-B9F0-9D5D429C3EF0}.MinSizeRel|x64.Build.0 = MinSizeRel|x64
		{B3007179-B974-3540-B9F0-9D5D429C3EF0}.Release|x64.ActiveCfg = Release|x64
		{B3007179-B974-3540-B9F0-9D5D429C3EF0}.Release|x64.Build.0 = Release|x64
		{B3007179-B974-3540-B9F0-9D5D429C3EF0}.RelWithDebInfo|x64.ActiveCfg = RelWithDebInfo|x64
		{B3007179-B974-3540-B9F0-9D5D429C3EF0}.RelWithDebInfo|x64.Build.0 = RelWithDebInfo|x64
		{78704673-557C-3083-A4D9-59870714C5BC}.Debug|x64.ActiveCfg = Debug|x64
		{78704673-557C-3083-A4D9-59870714C5BC}.Debug|x64.Build.0 = Debug|x64
		{78704673-557C-3083-A4D9-59870714C5BC}.MinSizeRel|x64.ActiveCfg = MinSizeRel|x64
		{78704673-557C-3083-A4D9-59870714C5BC}.MinSizeRel|x64.Build.0 = MinSizeRel|x64
		{78704673-557C-3083-A4D9-59870714C5BC}.Release|x64.ActiveCfg = Release|x64
		{78704673-557C-3083-A4D9-59870714C5BC}.Release|x64.Build.0 = Release|x64
		{78704673-557C-3083-A4D9-59870714C5BC}.RelWithDebInfo|x64.ActiveCfg = RelWithDebInfo|x64
		{78704673-557C-3083-A4D9-59870714C5BC}.RelWithDebInfo|x64.Build.0 = RelWithDebInfo|x64
		{83334BF5-FA2D-3C7C-B0E1-1684419089AA}.Debug|x64.ActiveCfg = Debug|x64
		{83334BF5-FA2D-3C7C-B0E1-1684419089AA}.Debug|x64.Build.0 = Debug|x64
		{83334BF5-FA2D-3C7C-B0E1-1684419089AA}.MinSizeRel|x64.ActiveCfg = MinSizeRel|x64
		{83334BF5-FA2D-3C7C-B0E1-1684419089AA}.MinSizeRel|x64.Build.0 = MinSizeRel|x64
		{83334BF5-FA2D-3C7C-B0E1-1684419089AA}.Release|x64.ActiveCfg = Release|x64
		{83334BF5-FA2D-3C7C-B0E1-1684419089AA}.Release|x64.Build.0 = Release|x64
		{83334BF5-FA2D-3C7C-B0E1-1684419089AA}.RelWithDebInfo|x64.ActiveCfg = RelWithDebInfo|x64
		{83334BF5-FA2D-3C7C-B0E1-1684419089AA}.RelWithDebInfo|x64.Build.0 = RelWithDebInfo|x64
		{5F08E3A4-5B33-3522-AB17-89DE323BD374}.Debug|x64.ActiveCfg = Debug|x64
		{5F08E3A4-5B33-3522-AB17-89DE323BD374}.Debug|x64.Build.0 = Debug|x64
		{5F08E3A4-5B33-3522-AB17-89DE323BD374}.MinSizeRel|x64.ActiveCfg = MinSizeRel|x64
		{5F08E3A4-5B33-3522-AB17-89DE323BD374}.MinSizeRel|x64.Build.0 = MinSizeRel|x64
		{5F08E3A4-5B33-3522-AB17-89DE323BD374}.Release|x64.ActiveCfg = Release|x64
		{5F08E3A4-5B33-3522-AB17-89DE323BD374}.Release|x64.Build.0 = Release|x64
		{5F08E3A4-5B33-3522-AB17-89DE323BD374}.RelWithDebInfo|x64.ActiveCfg = RelWithDebInfo|x64
		{5F08E3A4-5B33-3522-AB17-89DE323BD374}.RelWithDebInfo|x64.Build.0 = RelWithDebInfo|x64
		{9FE790C1-B578-3D8D-8435-7D9B56CF1C7C}.Debug|x64.ActiveCfg = Debug|x64
		{9FE790C1-B578-3D8D-8435-7D9B56CF1C7C}.Debug|x64.Build.0 = Debug|x64
		{9FE790C1-B578-3D8D-8435-7D9B56CF1C7C}.MinSizeRel|x64.ActiveCfg = MinSizeRel|x64
		{9FE790C1-B578-3D8D-8435-7D9B56CF1C7C}.MinSizeRel|x64.Build.0 = MinSizeRel|x64
		{9FE790C1-B578-3D8D-8435-7D9B56CF1C7C}.Release|x64.ActiveCfg = Release|x64
		{9FE790C1-B578-3D8D-8435-7D9B56CF1C7C}.Release|x64.Build.0 = Release|x64
		{9FE790C1-B578-3D8D-8435-7D9B56CF1C7C}.RelWithDebInfo|x64.ActiveCfg = RelWithDebInfo|x64
		{9FE790C1-B578-3D8D-8435-7D9B56CF1C7C}.RelWithDebInfo|x64.Build.0 = RelWithDebInfo|x64
		{A7821096-85BB-30AF-AB23-E84D57A1AFB0}.Debug|x64.ActiveCfg = Debug|x64
		{A7821096-85BB-30AF-AB23-E84D57A1AFB0}.Debug|x64.Build.0 = Debug|x64
		{A7821096-85BB-30AF-AB23-E84D57A1AFB0}.MinSizeRel|x64.ActiveCfg = MinSizeRel|x64
		{A7821096-85BB-30AF-AB23-E84D57A1AFB0}.MinSizeRel|x64.Build.0 = MinSizeRel|x64
		{A7821096-85BB-30AF-AB23-E84D57A1AFB0}.Release|x64.ActiveCfg = Release|x64
		{A7821096-85BB-30AF-AB23-E84D57A1AFB0}.Release|x64.Build.0 = Release|x64
		{A7821096-85BB-30AF-AB23-E84D57A1AFB0}.RelWithDebInfo|x64.ActiveCfg = RelWithDebInfo|x64
		{A7821096-85BB-30AF-AB23-E84D57A1AFB0}.RelWithDebInfo|x64.Build.0 = RelWithDebInfo|x64
		{602D4F24-B245-37F7-9FAD-50DF3253D499}.Debug|x64.ActiveCfg = Debug|x64
		{602D4F24-B245-37F7-9FAD-50DF3253D499}.Debug|x64.Build.0 = Debug|x64
		{602D4F24-B245-37F7-9FAD-50DF3253D499}.MinSizeRel|x64.ActiveCfg = MinSizeRel|x64
		{602D4F24-B245-37F7-9FAD-50DF3253D499}.MinSizeRel|x64.Build.0 = MinSizeRel|x64
		{602D4F24-B245-37F7-9FAD-50DF3253D499}.Release|x64.ActiveCfg = Release|x64
		{602D4F24-B245-37F7-9FAD-50DF3253D499}.Release|x64.Build.0 = Release|x64
		{602D4F24-B245-37F7-9FAD-50DF3253D499}.RelWithDebInfo|x64.ActiveCfg = RelWithDebInfo|x64
		{602D4F24-B245-37F7-9FAD-50DF3253D499}.RelWithDebInfo|x64.Build.0 = RelWithDebInfo|x64
		{5FEA64CB-EDA1-3CEF-BBD5-77361EA316CB}.Debug|x64.ActiveCfg = Debug|x64
		{5FEA64CB-EDA1-3CEF-BBD5-77361EA316CB}.Debug|x64.Build.0 = Debug|x64
		{5FEA64CB-EDA1-3CEF-BBD5-77361EA316CB}.MinSizeRel|x64.ActiveCfg = MinSizeRel|x64
		{5FEA64CB-EDA1-3CEF-BBD5-77361EA316CB}.MinSizeRel|x64.Build.0 = MinSizeRel|x64
		{5FEA64CB-EDA1-3CEF-BBD5-77361EA316CB}.Release|x64.ActiveCfg = Release|x64
		{5FEA64CB-EDA1-3CEF-BBD5-77361EA316CB}.Release|x64.Build.0 = Release|x64
		{5FEA64CB-EDA1-3CEF-BBD5-77361EA316CB}.RelWithDebInfo|x64.ActiveCfg = RelWithDebInfo|x64
		{5FEA64CB-EDA1-3CEF-BBD5-77361EA316CB}.RelWithDebInfo|x64.Build.0 = RelWithDebInfo|x64
		{55200377-192C-32F3-B754-1BCDEEB88EC6}.Debug|x64.ActiveCfg = Debug|x64
		{55200377-192C-32F3-B754-1BCDEEB88EC6}.Debug|x64.Build.0 = Debug|x64
		{55200377-192C-32F3-B754-1BCDEEB88EC6}.MinSizeRel|x64.ActiveCfg = MinSizeRel|x64
		{55200377-192C-32F3-B754-1BCDEEB88EC6}.MinSizeRel|x64.Build.0 = MinSizeRel|x64
		{55200377-192C-32F3-B754-1BCDEEB88EC6}.Release|x64.ActiveCfg = Release|x64
		{55200377-192C-32F3-B754-1BCDEEB88EC6}.Release|x64.Build.0 = Release|x64
		{55200377-192C-32F3-B754-1BCDEEB88EC6}.RelWithDebInfo|x64.ActiveCfg = RelWithDebInfo|x64
		{55200377-192C-32F3-B754-1BCDEEB88EC6}.RelWithDebInfo|x64.Build.0 = RelWithDebInfo|x64
		{DBAFF317-77B5-3263-B8F6-BB7F4F069DCC}.Debug|x64.ActiveCfg = Debug|x64
		{DBAFF317-77B5-3263-B8F6-BB7F4F069DCC}.Debug|x64.Build.0 = Debug|x64
		{DBAFF317-77B5-3263-B8F6-BB7F4F069DCC}.MinSizeRel|x64.ActiveCfg = MinSizeRel|x64
		{DBAFF317-77B5-3263-B8F6-BB7F4F069DCC}.MinSizeRel|x64.Build.0 = MinSizeRel|x64
		{DBAFF317-77B5-3263-B8F6-BB7F4F069DCC}.Release|x64.ActiveCfg = Release|x64
		{DBAFF317-77B5-3263-B8F6-BB7F4F069DCC}.Release|x64.Build.0 = Release|x64
		{DBAFF317-77B5-3263-B8F6-BB7F4F069DCC}.RelWithDebInfo|x64.ActiveCfg = RelWithDebInfo|x64
		{DBAFF317-77B5-3263-B8F6-BB7F4F069DCC}.RelWithDebInfo|x64.Build.0 = RelWithDebInfo|x64
		{37E962EE-DB60-3A61-A0EB-1F549EA386E9}.Debug|x64.ActiveCfg = Debug|x64
		{37E962EE-DB60-3A61-A0EB-1F549EA386E9}.MinSizeRel|x64.ActiveCfg = MinSizeRel|x64
		{37E962EE-DB60-3A61-A0EB-1F549EA386E9}.Release|x64.ActiveCfg = Release|x64
		{37E962EE-DB60-3A61-A0EB-1F549EA386E9}.RelWithDebInfo|x64.ActiveCfg = RelWithDebInfo|x64
		{AA416361-76C3-380C-A9A9-9A2FAEE1BDBB}.Debug|x64.ActiveCfg = Debug|x64
		{AA416361-76C3-380C-A9A9-9A2FAEE1BDBB}.Debug|x64.Build.0 = Debug|x64
		{AA416361-76C3-380C-A9A9-9A2FAEE1BDBB}.MinSizeRel|x64.ActiveCfg = MinSizeRel|x64
		{AA416361-76C3-380C-A9A9-9A2FAEE1BDBB}.MinSizeRel|x64.Build.0 = MinSizeRel|x64
		{AA416361-76C3-380C-A9A9-9A2FAEE1BDBB}.Release|x64.ActiveCfg = Release|x64
		{AA416361-76C3-380C-A9A9-9A2FAEE1BDBB}.Release|x64.Build.0 = Release|x64
		{AA416361-76C3-380C-A9A9-9A2FAEE1BDBB}.RelWithDebInfo|x64.ActiveCfg = RelWithDebInfo|x64
		{AA416361-76C3-380C-A9A9-9A2FAEE1BDBB}.RelWithDebInfo|x64.Build.0 = RelWithDebInfo|x64
		{F71A6808-738F-37F4-AE71-BC1643EBA040}.Debug|x64.ActiveCfg = Debug|x64
		{F71A6808-738F-37F4-AE71-BC1643EBA040}.Debug|x64.Build.0 = Debug|x64
		{F71A6808-738F-37F4-AE71-BC1643EBA040}.MinSizeRel|x64.ActiveCfg = MinSizeRel|x64
		{F71A6808-738F-37F4-AE71-BC1643EBA040}.MinSizeRel|x64.Build.0 = MinSizeRel|x64
		{F71A6808-738F-37F4-AE71-BC1643EBA040}.Release|x64.ActiveCfg = Release|x64
		{F71A6808-738F-37F4-AE71-BC1643EBA040}.Release|x64.Build.0 = Release|x64
		{F71A6808-738F-37F4-AE71-BC1643EBA040}.RelWithDebInfo|x64.ActiveCfg = RelWithDebInfo|x64
		{F71A6808-738F-37F4-AE71-BC1643EBA040}.RelWithDebInfo|x64.Build.0 = RelWithDebInfo|x64
	EndGlobalSection
	GlobalSection(SolutionProperties) = preSolution
		HideSolutionNode = FALSE
	EndGlobalSection
	GlobalSection(NestedProjects) = preSolution
		{F96FC35A-EBE3-3D55-B027-507FA2025C70} = {6D8EAEF2-2A28-4F10-9C17-02D08A1114F4}
		{4BB1F352-D6F4-3736-8350-917220ED1A35} = {6D8EAEF2-2A28-4F10-9C17-02D08A1114F4}
		{DFE34015-D480-3B4E-A088-7AF35368EDAF} = {4BB1F352-D6F4-3736-8350-917220ED1A35}
		{C27EC86F-3F35-3DAA-B0DD-1F33B3D45AF0} = {F96FC35A-EBE3-3D55-B027-507FA2025C70}
		{B3007179-B974-3540-B9F0-9D5D429C3EF0} = {6D8EAEF2-2A28-4F10-9C17-02D08A1114F4}
		{78704673-557C-3083-A4D9-59870714C5BC} = {4BB1F352-D6F4-3736-8350-917220ED1A35}
		{83334BF5-FA2D-3C7C-B0E1-1684419089AA} = {4BB1F352-D6F4-3736-8350-917220ED1A35}
		{5F08E3A4-5B33-3522-AB17-89DE323BD374} = {4BB1F352-D6F4-3736-8350-917220ED1A35}
		{9FE790C1-B578-3D8D-8435-7D9B56CF1C7C} = {4BB1F352-D6F4-3736-8350-917220ED1A35}
		{A7821096-85BB-30AF-AB23-E84D57A1AFB0} = {F96FC35A-EBE3-3D55-B027-507FA2025C70}
		{602D4F24-B245-37F7-9FAD-50DF3253D499} = {4BB1F352-D6F4-3736-8350-917220ED1A35}
		{5FEA64CB-EDA1-3CEF-BBD5-77361EA316CB} = {4BB1F352-D6F4-3736-8350-917220ED1A35}
		{55200377-192C-32F3-B754-1BCDEEB88EC6} = {DFE34015-D480-3B4E-A088-7AF35368EDAF}
		{DBAFF317-77B5-3263-B8F6-BB7F4F069DCC} = {DFE34015-D480-3B4E-A088-7AF35368EDAF}
		{37E962EE-DB60-3A61-A0EB-1F549EA386E9} = {46526A5A-B15E-49FD-9675-11E7281D87FB}
		{AA416361-76C3-380C-A9A9-9A2FAEE1BDBB} = {48F7DED7-10BF-4C70-AD7C-D888D19A3C68}
		{F71A6808-738F-37F4-AE71-BC1643EBA040} = {46526A5A-B15E-49FD-9675-11E7281D87FB}
		{46526A5A-B15E-49FD-9675-11E7281D87FB} = {48F7DED7-10BF-4C70-AD7C-D888D19A3C68}
	EndGlobalSection
	GlobalSection(ExtensibilityGlobals) = postSolution
		SolutionGuid = {ECDF4E16-6808-365D-85CE-3454DD1558A2}
	EndGlobalSection
EndGlobal
